// !$*UTF8*$!
{
	archiveVersion = 1;
	classes = {
	};
	objectVersion = 46;
	objects = {

/* Begin PBXBuildFile section */
		522EA40018FA7A5100444217 /* MIDIKit.framework in Frameworks */ = {isa = PBXBuildFile; fileRef = 5273C6D418DE96A200A8CFD4 /* MIDIKit.framework */; };
		522EA41F18FA98F000444217 /* LPMessage.m in Sources */ = {isa = PBXBuildFile; fileRef = 522EA41E18FA98F000444217 /* LPMessage.m */; };
		522EA42018FA98F000444217 /* LPMessage.m in Sources */ = {isa = PBXBuildFile; fileRef = 522EA41E18FA98F000444217 /* LPMessage.m */; };
		522EA42418FA9A9500444217 /* MKJavaScriptModule.h in Headers */ = {isa = PBXBuildFile; fileRef = 522EA42318FA9A9500444217 /* MKJavaScriptModule.h */; };
		5273C6D818DE96A200A8CFD4 /* Cocoa.framework in Frameworks */ = {isa = PBXBuildFile; fileRef = 5273C6D718DE96A200A8CFD4 /* Cocoa.framework */; };
		5273C6E218DE96A200A8CFD4 /* InfoPlist.strings in Resources */ = {isa = PBXBuildFile; fileRef = 5273C6E018DE96A200A8CFD4 /* InfoPlist.strings */; };
		5273C70418DE9A9800A8CFD4 /* MKObject.h in Headers */ = {isa = PBXBuildFile; fileRef = 5273C70218DE9A9800A8CFD4 /* MKObject.h */; };
		5273C70518DE9A9800A8CFD4 /* MKObject.m in Sources */ = {isa = PBXBuildFile; fileRef = 5273C70318DE9A9800A8CFD4 /* MKObject.m */; };
		5273C70818DE9E2500A8CFD4 /* MKClient.h in Headers */ = {isa = PBXBuildFile; fileRef = 5273C70618DE9E2500A8CFD4 /* MKClient.h */; };
		5273C70918DE9E2500A8CFD4 /* MKClient.m in Sources */ = {isa = PBXBuildFile; fileRef = 5273C70718DE9E2500A8CFD4 /* MKClient.m */; };
		5273C72318DEA17B00A8CFD4 /* Foundation.framework in Frameworks */ = {isa = PBXBuildFile; fileRef = 5273C70F18DEA14E00A8CFD4 /* Foundation.framework */; };
		5273C72618DEA17B00A8CFD4 /* main.m in Sources */ = {isa = PBXBuildFile; fileRef = 5273C72518DEA17B00A8CFD4 /* main.m */; };
		5273C73718DEAD5700A8CFD4 /* MKDevice.h in Headers */ = {isa = PBXBuildFile; fileRef = 5273C73518DEAD5700A8CFD4 /* MKDevice.h */; };
		5273C73818DEAD5700A8CFD4 /* MKDevice.m in Sources */ = {isa = PBXBuildFile; fileRef = 5273C73618DEAD5700A8CFD4 /* MKDevice.m */; };
		5273C73B18DEADB800A8CFD4 /* MKEntity.h in Headers */ = {isa = PBXBuildFile; fileRef = 5273C73918DEADB800A8CFD4 /* MKEntity.h */; };
		5273C73C18DEADB800A8CFD4 /* MKEntity.m in Sources */ = {isa = PBXBuildFile; fileRef = 5273C73A18DEADB800A8CFD4 /* MKEntity.m */; };
		5273C73F18DEADEE00A8CFD4 /* MKEndpoint.h in Headers */ = {isa = PBXBuildFile; fileRef = 5273C73D18DEADEE00A8CFD4 /* MKEndpoint.h */; };
		5273C74018DEADEE00A8CFD4 /* MKEndpoint.m in Sources */ = {isa = PBXBuildFile; fileRef = 5273C73E18DEADEE00A8CFD4 /* MKEndpoint.m */; };
		528DCB3518FAB3E50090FFFB /* Cocoa.framework in Frameworks */ = {isa = PBXBuildFile; fileRef = 5273C6D718DE96A200A8CFD4 /* Cocoa.framework */; };
		528DCB3B18FAB3E50090FFFB /* testNativeModule.m in Sources */ = {isa = PBXBuildFile; fileRef = 528DCB3A18FAB3E50090FFFB /* testNativeModule.m */; };
		528DCB5D18FABF870090FFFB /* Cocoa.framework in Frameworks */ = {isa = PBXBuildFile; fileRef = 5273C6D718DE96A200A8CFD4 /* Cocoa.framework */; };
		528DCB6318FABF870090FFFB /* InfoPlist.strings in Resources */ = {isa = PBXBuildFile; fileRef = 528DCB6118FABF870090FFFB /* InfoPlist.strings */; };
		528DCB6E18FABFE60090FFFB /* JRNativeBundle.m in Sources */ = {isa = PBXBuildFile; fileRef = 528DCB6D18FABFE60090FFFB /* JRNativeBundle.m */; };
		52B169D618F8AE4800EACDAE /* MKJavaScriptContext.h in Headers */ = {isa = PBXBuildFile; fileRef = 52B169D418F8AE4800EACDAE /* MKJavaScriptContext.h */; };
		52B169D718F8AE4800EACDAE /* MKJavaScriptContext.m in Sources */ = {isa = PBXBuildFile; fileRef = 52B169D518F8AE4800EACDAE /* MKJavaScriptContext.m */; };
		52B22EEC18F7A0EF00A5A5D3 /* MKInputPort.h in Headers */ = {isa = PBXBuildFile; fileRef = 52B22EEA18F7A0EF00A5A5D3 /* MKInputPort.h */; };
		52B22EED18F7A0EF00A5A5D3 /* MKInputPort.m in Sources */ = {isa = PBXBuildFile; fileRef = 52B22EEB18F7A0EF00A5A5D3 /* MKInputPort.m */; };
		52B22EF018F7A6C600A5A5D3 /* MKOutputPort.h in Headers */ = {isa = PBXBuildFile; fileRef = 52B22EEE18F7A6C600A5A5D3 /* MKOutputPort.h */; };
		52B22EF118F7A6C600A5A5D3 /* MKOutputPort.m in Sources */ = {isa = PBXBuildFile; fileRef = 52B22EEF18F7A6C600A5A5D3 /* MKOutputPort.m */; };
		52B22EF418F7B65D00A5A5D3 /* MKVirtualSource.h in Headers */ = {isa = PBXBuildFile; fileRef = 52B22EF218F7B65D00A5A5D3 /* MKVirtualSource.h */; };
		52B22EF518F7B65D00A5A5D3 /* MKVirtualSource.m in Sources */ = {isa = PBXBuildFile; fileRef = 52B22EF318F7B65D00A5A5D3 /* MKVirtualSource.m */; };
		52B22EF818F7B80900A5A5D3 /* MKVirtualDestination.h in Headers */ = {isa = PBXBuildFile; fileRef = 52B22EF618F7B80900A5A5D3 /* MKVirtualDestination.h */; };
		52B22EF918F7B80900A5A5D3 /* MKVirtualDestination.m in Sources */ = {isa = PBXBuildFile; fileRef = 52B22EF718F7B80900A5A5D3 /* MKVirtualDestination.m */; };
		52B22EFB18F7BAF400A5A5D3 /* JavaScriptCore.framework in Frameworks */ = {isa = PBXBuildFile; fileRef = 52B22EFA18F7BAF400A5A5D3 /* JavaScriptCore.framework */; };
		52B22EFE18F7C86900A5A5D3 /* MKConnection.h in Headers */ = {isa = PBXBuildFile; fileRef = 52B22EFC18F7C86900A5A5D3 /* MKConnection.h */; };
		52B22EFF18F7C86900A5A5D3 /* MKConnection.m in Sources */ = {isa = PBXBuildFile; fileRef = 52B22EFD18F7C86900A5A5D3 /* MKConnection.m */; };
		52B22F0518F803E900A5A5D3 /* MKMessage.h in Headers */ = {isa = PBXBuildFile; fileRef = 52B22F0318F803E900A5A5D3 /* MKMessage.h */; };
		52B22F0618F803E900A5A5D3 /* MKMessage.m in Sources */ = {isa = PBXBuildFile; fileRef = 52B22F0418F803E900A5A5D3 /* MKMessage.m */; };
		52B22F0C18F858E600A5A5D3 /* Foundation.framework in Frameworks */ = {isa = PBXBuildFile; fileRef = 5273C70F18DEA14E00A8CFD4 /* Foundation.framework */; };
		52B22F0F18F858E600A5A5D3 /* main.m in Sources */ = {isa = PBXBuildFile; fileRef = 52B22F0E18F858E600A5A5D3 /* main.m */; };
		52B22F1918F858F600A5A5D3 /* MIDIKit.framework in Frameworks */ = {isa = PBXBuildFile; fileRef = 5273C6D418DE96A200A8CFD4 /* MIDIKit.framework */; };
		52B22F1C18F8592700A5A5D3 /* JRVirtualLaunchpad.m in Sources */ = {isa = PBXBuildFile; fileRef = 52B22F1B18F8592700A5A5D3 /* JRVirtualLaunchpad.m */; };
		52B2C12118E7928D00E82760 /* NSString+JRExtensions.h in Headers */ = {isa = PBXBuildFile; fileRef = 52B2C11F18E7928D00E82760 /* NSString+JRExtensions.h */; };
		52B2C12218E7928D00E82760 /* NSString+JRExtensions.m in Sources */ = {isa = PBXBuildFile; fileRef = 52B2C12018E7928D00E82760 /* NSString+JRExtensions.m */; };
/* End PBXBuildFile section */

/* Begin PBXContainerItemProxy section */
		5273C72E18DEA17F00A8CFD4 /* PBXContainerItemProxy */ = {
			isa = PBXContainerItemProxy;
			containerPortal = 5273C6CB18DE96A200A8CFD4 /* Project object */;
			proxyType = 1;
			remoteGlobalIDString = 5273C6D318DE96A200A8CFD4;
			remoteInfo = MIDIKit;
		};
		528DCB5418FAB4660090FFFB /* PBXContainerItemProxy */ = {
			isa = PBXContainerItemProxy;
			containerPortal = 5273C6CB18DE96A200A8CFD4 /* Project object */;
			proxyType = 1;
			remoteGlobalIDString = 528DCB3318FAB3E50090FFFB;
			remoteInfo = testNativeModule;
		};
		528DCB5618FAB46A0090FFFB /* PBXContainerItemProxy */ = {
			isa = PBXContainerItemProxy;
			containerPortal = 5273C6CB18DE96A200A8CFD4 /* Project object */;
			proxyType = 1;
			remoteGlobalIDString = 5273C6D318DE96A200A8CFD4;
			remoteInfo = MIDIKit;
		};
		528DCB6818FABF9E0090FFFB /* PBXContainerItemProxy */ = {
			isa = PBXContainerItemProxy;
			containerPortal = 5273C6CB18DE96A200A8CFD4 /* Project object */;
			proxyType = 1;
			remoteGlobalIDString = 528DCB5B18FABF870090FFFB;
			remoteInfo = testNativeBundle;
		};
		528DCB6A18FABFA00090FFFB /* PBXContainerItemProxy */ = {
			isa = PBXContainerItemProxy;
			containerPortal = 5273C6CB18DE96A200A8CFD4 /* Project object */;
			proxyType = 1;
			remoteGlobalIDString = 5273C6D318DE96A200A8CFD4;
			remoteInfo = MIDIKit;
		};
		52B22F1718F858ED00A5A5D3 /* PBXContainerItemProxy */ = {
			isa = PBXContainerItemProxy;
			containerPortal = 5273C6CB18DE96A200A8CFD4 /* Project object */;
			proxyType = 1;
			remoteGlobalIDString = 5273C6D318DE96A200A8CFD4;
			remoteInfo = MIDIKit;
		};
/* End PBXContainerItemProxy section */

/* Begin PBXCopyFilesBuildPhase section */
		5273C72018DEA17B00A8CFD4 /* CopyFiles */ = {
			isa = PBXCopyFilesBuildPhase;
			buildActionMask = 12;
			dstPath = usr/share/man/man1;
			dstSubfolderSpec = 16;
			files = (
			);
			runOnlyForDeploymentPostprocessing = 0;
		};
		52B22F0918F858E500A5A5D3 /* CopyFiles */ = {
			isa = PBXCopyFilesBuildPhase;
			buildActionMask = 2147483647;
			dstPath = /usr/share/man/man1/;
			dstSubfolderSpec = 0;
			files = (
			);
			runOnlyForDeploymentPostprocessing = 1;
		};
/* End PBXCopyFilesBuildPhase section */

/* Begin PBXFileReference section */
		522EA3FA18FA690500444217 /* CoreMIDI.framework */ = {isa = PBXFileReference; lastKnownFileType = wrapper.framework; name = CoreMIDI.framework; path = System/Library/Frameworks/CoreMIDI.framework; sourceTree = SDKROOT; };
		522EA3FD18FA6B0400444217 /* CoreFoundation.framework */ = {isa = PBXFileReference; lastKnownFileType = wrapper.framework; name = CoreFoundation.framework; path = System/Library/Frameworks/CoreFoundation.framework; sourceTree = SDKROOT; };
		522EA41B18FA7C4F00444217 /* LPConnection.js */ = {isa = PBXFileReference; fileEncoding = 4; lastKnownFileType = sourcecode.javascript; path = LPConnection.js; sourceTree = "<group>"; };
		522EA41D18FA98F000444217 /* LPMessage.h */ = {isa = PBXFileReference; fileEncoding = 4; lastKnownFileType = sourcecode.c.h; path = LPMessage.h; sourceTree = "<group>"; };
		522EA41E18FA98F000444217 /* LPMessage.m */ = {isa = PBXFileReference; fileEncoding = 4; lastKnownFileType = sourcecode.c.objc; path = LPMessage.m; sourceTree = "<group>"; };
		522EA42318FA9A9500444217 /* MKJavaScriptModule.h */ = {isa = PBXFileReference; fileEncoding = 4; lastKnownFileType = sourcecode.c.h; path = MKJavaScriptModule.h; sourceTree = "<group>"; };
		5273C6D418DE96A200A8CFD4 /* MIDIKit.framework */ = {isa = PBXFileReference; explicitFileType = wrapper.framework; includeInIndex = 0; path = MIDIKit.framework; sourceTree = BUILT_PRODUCTS_DIR; };
		5273C6D718DE96A200A8CFD4 /* Cocoa.framework */ = {isa = PBXFileReference; lastKnownFileType = wrapper.framework; name = Cocoa.framework; path = System/Library/Frameworks/Cocoa.framework; sourceTree = SDKROOT; };
		5273C6DA18DE96A200A8CFD4 /* Foundation.framework */ = {isa = PBXFileReference; lastKnownFileType = wrapper.framework; name = Foundation.framework; path = System/Library/Frameworks/Foundation.framework; sourceTree = SDKROOT; };
		5273C6DB18DE96A200A8CFD4 /* CoreData.framework */ = {isa = PBXFileReference; lastKnownFileType = wrapper.framework; name = CoreData.framework; path = System/Library/Frameworks/CoreData.framework; sourceTree = SDKROOT; };
		5273C6DC18DE96A200A8CFD4 /* AppKit.framework */ = {isa = PBXFileReference; lastKnownFileType = wrapper.framework; name = AppKit.framework; path = System/Library/Frameworks/AppKit.framework; sourceTree = SDKROOT; };
		5273C6DF18DE96A200A8CFD4 /* MIDIKit-Info.plist */ = {isa = PBXFileReference; lastKnownFileType = text.plist.xml; path = "MIDIKit-Info.plist"; sourceTree = "<group>"; };
		5273C6E118DE96A200A8CFD4 /* en */ = {isa = PBXFileReference; lastKnownFileType = text.plist.strings; name = en; path = en.lproj/InfoPlist.strings; sourceTree = "<group>"; };
		5273C6E318DE96A200A8CFD4 /* MIDIKit-Prefix.pch */ = {isa = PBXFileReference; lastKnownFileType = sourcecode.c.h; path = "MIDIKit-Prefix.pch"; sourceTree = "<group>"; };
		5273C6E418DE96A200A8CFD4 /* MIDIKit.h */ = {isa = PBXFileReference; lastKnownFileType = sourcecode.c.h; path = MIDIKit.h; sourceTree = "<group>"; };
		5273C6EC18DE96A200A8CFD4 /* XCTest.framework */ = {isa = PBXFileReference; lastKnownFileType = wrapper.framework; name = XCTest.framework; path = Library/Frameworks/XCTest.framework; sourceTree = DEVELOPER_DIR; };
		5273C70218DE9A9800A8CFD4 /* MKObject.h */ = {isa = PBXFileReference; fileEncoding = 4; lastKnownFileType = sourcecode.c.h; path = MKObject.h; sourceTree = "<group>"; };
		5273C70318DE9A9800A8CFD4 /* MKObject.m */ = {isa = PBXFileReference; fileEncoding = 4; lastKnownFileType = sourcecode.c.objc; path = MKObject.m; sourceTree = "<group>"; };
		5273C70618DE9E2500A8CFD4 /* MKClient.h */ = {isa = PBXFileReference; fileEncoding = 4; lastKnownFileType = sourcecode.c.h; path = MKClient.h; sourceTree = "<group>"; };
		5273C70718DE9E2500A8CFD4 /* MKClient.m */ = {isa = PBXFileReference; fileEncoding = 4; lastKnownFileType = sourcecode.c.objc; path = MKClient.m; sourceTree = "<group>"; };
		5273C70F18DEA14E00A8CFD4 /* Foundation.framework */ = {isa = PBXFileReference; lastKnownFileType = wrapper.framework; name = Foundation.framework; path = System/Library/Frameworks/Foundation.framework; sourceTree = SDKROOT; };
		5273C72218DEA17B00A8CFD4 /* mktests */ = {isa = PBXFileReference; explicitFileType = "compiled.mach-o.executable"; includeInIndex = 0; path = mktests; sourceTree = BUILT_PRODUCTS_DIR; };
		5273C72518DEA17B00A8CFD4 /* main.m */ = {isa = PBXFileReference; lastKnownFileType = sourcecode.c.objc; path = main.m; sourceTree = "<group>"; };
		5273C72818DEA17B00A8CFD4 /* mktests-Prefix.pch */ = {isa = PBXFileReference; lastKnownFileType = sourcecode.c.h; path = "mktests-Prefix.pch"; sourceTree = "<group>"; };
		5273C73518DEAD5700A8CFD4 /* MKDevice.h */ = {isa = PBXFileReference; fileEncoding = 4; lastKnownFileType = sourcecode.c.h; path = MKDevice.h; sourceTree = "<group>"; };
		5273C73618DEAD5700A8CFD4 /* MKDevice.m */ = {isa = PBXFileReference; fileEncoding = 4; lastKnownFileType = sourcecode.c.objc; path = MKDevice.m; sourceTree = "<group>"; };
		5273C73918DEADB800A8CFD4 /* MKEntity.h */ = {isa = PBXFileReference; fileEncoding = 4; lastKnownFileType = sourcecode.c.h; path = MKEntity.h; sourceTree = "<group>"; };
		5273C73A18DEADB800A8CFD4 /* MKEntity.m */ = {isa = PBXFileReference; fileEncoding = 4; lastKnownFileType = sourcecode.c.objc; path = MKEntity.m; sourceTree = "<group>"; };
		5273C73D18DEADEE00A8CFD4 /* MKEndpoint.h */ = {isa = PBXFileReference; fileEncoding = 4; lastKnownFileType = sourcecode.c.h; path = MKEndpoint.h; sourceTree = "<group>"; };
		5273C73E18DEADEE00A8CFD4 /* MKEndpoint.m */ = {isa = PBXFileReference; fileEncoding = 4; lastKnownFileType = sourcecode.c.objc; path = MKEndpoint.m; sourceTree = "<group>"; };
		5273C74118DEB2FF00A8CFD4 /* LPDev.h */ = {isa = PBXFileReference; fileEncoding = 4; lastKnownFileType = sourcecode.c.h; path = LPDev.h; sourceTree = "<group>"; };
		528DCB3418FAB3E50090FFFB /* testNativeModule.dylib */ = {isa = PBXFileReference; explicitFileType = "compiled.mach-o.dylib"; includeInIndex = 0; path = testNativeModule.dylib; sourceTree = BUILT_PRODUCTS_DIR; };
		528DCB3818FAB3E50090FFFB /* testNativeModule-Prefix.pch */ = {isa = PBXFileReference; lastKnownFileType = sourcecode.c.h; path = "testNativeModule-Prefix.pch"; sourceTree = "<group>"; };
		528DCB3918FAB3E50090FFFB /* testNativeModule.h */ = {isa = PBXFileReference; lastKnownFileType = sourcecode.c.h; path = testNativeModule.h; sourceTree = "<group>"; };
		528DCB3A18FAB3E50090FFFB /* testNativeModule.m */ = {isa = PBXFileReference; lastKnownFileType = sourcecode.c.objc; path = testNativeModule.m; sourceTree = "<group>"; };
		528DCB5C18FABF870090FFFB /* testNativeBundle.bundle */ = {isa = PBXFileReference; explicitFileType = wrapper.cfbundle; includeInIndex = 0; path = testNativeBundle.bundle; sourceTree = BUILT_PRODUCTS_DIR; };
		528DCB6018FABF870090FFFB /* testNativeBundle-Info.plist */ = {isa = PBXFileReference; lastKnownFileType = text.plist.xml; path = "testNativeBundle-Info.plist"; sourceTree = "<group>"; };
		528DCB6218FABF870090FFFB /* en */ = {isa = PBXFileReference; lastKnownFileType = text.plist.strings; name = en; path = en.lproj/InfoPlist.strings; sourceTree = "<group>"; };
		528DCB6418FABF870090FFFB /* testNativeBundle-Prefix.pch */ = {isa = PBXFileReference; lastKnownFileType = sourcecode.c.h; path = "testNativeBundle-Prefix.pch"; sourceTree = "<group>"; };
		528DCB6C18FABFE60090FFFB /* JRNativeBundle.h */ = {isa = PBXFileReference; fileEncoding = 4; lastKnownFileType = sourcecode.c.h; path = JRNativeBundle.h; sourceTree = "<group>"; };
		528DCB6D18FABFE60090FFFB /* JRNativeBundle.m */ = {isa = PBXFileReference; fileEncoding = 4; lastKnownFileType = sourcecode.c.objc; path = JRNativeBundle.m; sourceTree = "<group>"; };
		52B095A018F8B5F900CB1440 /* test.js */ = {isa = PBXFileReference; lastKnownFileType = sourcecode.javascript; path = test.js; sourceTree = "<group>"; };
		52B169D418F8AE4800EACDAE /* MKJavaScriptContext.h */ = {isa = PBXFileReference; fileEncoding = 4; lastKnownFileType = sourcecode.c.h; path = MKJavaScriptContext.h; sourceTree = "<group>"; };
		52B169D518F8AE4800EACDAE /* MKJavaScriptContext.m */ = {isa = PBXFileReference; fileEncoding = 4; lastKnownFileType = sourcecode.c.objc; path = MKJavaScriptContext.m; sourceTree = "<group>"; };
		52B22EEA18F7A0EF00A5A5D3 /* MKInputPort.h */ = {isa = PBXFileReference; fileEncoding = 4; lastKnownFileType = sourcecode.c.h; path = MKInputPort.h; sourceTree = "<group>"; };
		52B22EEB18F7A0EF00A5A5D3 /* MKInputPort.m */ = {isa = PBXFileReference; fileEncoding = 4; lastKnownFileType = sourcecode.c.objc; path = MKInputPort.m; sourceTree = "<group>"; };
		52B22EEE18F7A6C600A5A5D3 /* MKOutputPort.h */ = {isa = PBXFileReference; fileEncoding = 4; lastKnownFileType = sourcecode.c.h; path = MKOutputPort.h; sourceTree = "<group>"; };
		52B22EEF18F7A6C600A5A5D3 /* MKOutputPort.m */ = {isa = PBXFileReference; fileEncoding = 4; lastKnownFileType = sourcecode.c.objc; path = MKOutputPort.m; sourceTree = "<group>"; };
		52B22EF218F7B65D00A5A5D3 /* MKVirtualSource.h */ = {isa = PBXFileReference; fileEncoding = 4; lastKnownFileType = sourcecode.c.h; path = MKVirtualSource.h; sourceTree = "<group>"; };
		52B22EF318F7B65D00A5A5D3 /* MKVirtualSource.m */ = {isa = PBXFileReference; fileEncoding = 4; lastKnownFileType = sourcecode.c.objc; path = MKVirtualSource.m; sourceTree = "<group>"; };
		52B22EF618F7B80900A5A5D3 /* MKVirtualDestination.h */ = {isa = PBXFileReference; fileEncoding = 4; lastKnownFileType = sourcecode.c.h; path = MKVirtualDestination.h; sourceTree = "<group>"; };
		52B22EF718F7B80900A5A5D3 /* MKVirtualDestination.m */ = {isa = PBXFileReference; fileEncoding = 4; lastKnownFileType = sourcecode.c.objc; path = MKVirtualDestination.m; sourceTree = "<group>"; };
		52B22EFA18F7BAF400A5A5D3 /* JavaScriptCore.framework */ = {isa = PBXFileReference; lastKnownFileType = wrapper.framework; name = JavaScriptCore.framework; path = System/Library/Frameworks/JavaScriptCore.framework; sourceTree = SDKROOT; };
		52B22EFC18F7C86900A5A5D3 /* MKConnection.h */ = {isa = PBXFileReference; fileEncoding = 4; lastKnownFileType = sourcecode.c.h; path = MKConnection.h; sourceTree = "<group>"; };
		52B22EFD18F7C86900A5A5D3 /* MKConnection.m */ = {isa = PBXFileReference; fileEncoding = 4; lastKnownFileType = sourcecode.c.objc; path = MKConnection.m; sourceTree = "<group>"; };
		52B22F0318F803E900A5A5D3 /* MKMessage.h */ = {isa = PBXFileReference; fileEncoding = 4; lastKnownFileType = sourcecode.c.h; path = MKMessage.h; sourceTree = "<group>"; };
		52B22F0418F803E900A5A5D3 /* MKMessage.m */ = {isa = PBXFileReference; fileEncoding = 4; lastKnownFileType = sourcecode.c.objc; path = MKMessage.m; sourceTree = "<group>"; };
		52B22F0B18F858E500A5A5D3 /* lpemutest */ = {isa = PBXFileReference; explicitFileType = "compiled.mach-o.executable"; includeInIndex = 0; path = lpemutest; sourceTree = BUILT_PRODUCTS_DIR; };
		52B22F0E18F858E600A5A5D3 /* main.m */ = {isa = PBXFileReference; lastKnownFileType = sourcecode.c.objc; path = main.m; sourceTree = "<group>"; };
		52B22F1118F858E600A5A5D3 /* lpemutest-Prefix.pch */ = {isa = PBXFileReference; lastKnownFileType = sourcecode.c.h; path = "lpemutest-Prefix.pch"; sourceTree = "<group>"; };
		52B22F1A18F8592700A5A5D3 /* JRVirtualLaunchpad.h */ = {isa = PBXFileReference; fileEncoding = 4; lastKnownFileType = sourcecode.c.h; path = JRVirtualLaunchpad.h; sourceTree = "<group>"; };
		52B22F1B18F8592700A5A5D3 /* JRVirtualLaunchpad.m */ = {isa = PBXFileReference; fileEncoding = 4; lastKnownFileType = sourcecode.c.objc; path = JRVirtualLaunchpad.m; sourceTree = "<group>"; };
		52B2C11F18E7928D00E82760 /* NSString+JRExtensions.h */ = {isa = PBXFileReference; fileEncoding = 4; lastKnownFileType = sourcecode.c.h; path = "NSString+JRExtensions.h"; sourceTree = "<group>"; };
		52B2C12018E7928D00E82760 /* NSString+JRExtensions.m */ = {isa = PBXFileReference; fileEncoding = 4; lastKnownFileType = sourcecode.c.objc; path = "NSString+JRExtensions.m"; sourceTree = "<group>"; };
/* End PBXFileReference section */

/* Begin PBXFrameworksBuildPhase section */
		5273C6D018DE96A200A8CFD4 /* Frameworks */ = {
			isa = PBXFrameworksBuildPhase;
			buildActionMask = 2147483647;
			files = (
				52B22EFB18F7BAF400A5A5D3 /* JavaScriptCore.framework in Frameworks */,
				5273C6D818DE96A200A8CFD4 /* Cocoa.framework in Frameworks */,
			);
			runOnlyForDeploymentPostprocessing = 0;
		};
		5273C71F18DEA17B00A8CFD4 /* Frameworks */ = {
			isa = PBXFrameworksBuildPhase;
			buildActionMask = 2147483647;
			files = (
				5273C72318DEA17B00A8CFD4 /* Foundation.framework in Frameworks */,
				522EA40018FA7A5100444217 /* MIDIKit.framework in Frameworks */,
			);
			runOnlyForDeploymentPostprocessing = 0;
		};
		528DCB3118FAB3E50090FFFB /* Frameworks */ = {
			isa = PBXFrameworksBuildPhase;
			buildActionMask = 2147483647;
			files = (
				528DCB3518FAB3E50090FFFB /* Cocoa.framework in Frameworks */,
			);
			runOnlyForDeploymentPostprocessing = 0;
		};
		528DCB5918FABF870090FFFB /* Frameworks */ = {
			isa = PBXFrameworksBuildPhase;
			buildActionMask = 2147483647;
			files = (
				528DCB5D18FABF870090FFFB /* Cocoa.framework in Frameworks */,
			);
			runOnlyForDeploymentPostprocessing = 0;
		};
		52B22F0818F858E500A5A5D3 /* Frameworks */ = {
			isa = PBXFrameworksBuildPhase;
			buildActionMask = 2147483647;
			files = (
				52B22F0C18F858E600A5A5D3 /* Foundation.framework in Frameworks */,
				52B22F1918F858F600A5A5D3 /* MIDIKit.framework in Frameworks */,
			);
			runOnlyForDeploymentPostprocessing = 0;
		};
/* End PBXFrameworksBuildPhase section */

/* Begin PBXGroup section */
		5273C6CA18DE96A200A8CFD4 = {
			isa = PBXGroup;
			children = (
				52B2C11E18E7928D00E82760 /* srctree */,
				5273C6DD18DE96A200A8CFD4 /* MIDIKit */,
				5273C72418DEA17B00A8CFD4 /* mktests */,
				52B22F0D18F858E600A5A5D3 /* lpemutest */,
				528DCB3618FAB3E50090FFFB /* testNativeModule */,
				528DCB5E18FABF870090FFFB /* testNativeBundle */,
				5273C6D618DE96A200A8CFD4 /* Frameworks */,
				5273C6D518DE96A200A8CFD4 /* Products */,
			);
			sourceTree = "<group>";
		};
		5273C6D518DE96A200A8CFD4 /* Products */ = {
			isa = PBXGroup;
			children = (
				5273C6D418DE96A200A8CFD4 /* MIDIKit.framework */,
				5273C72218DEA17B00A8CFD4 /* mktests */,
				52B22F0B18F858E500A5A5D3 /* lpemutest */,
				528DCB3418FAB3E50090FFFB /* testNativeModule.dylib */,
				528DCB5C18FABF870090FFFB /* testNativeBundle.bundle */,
			);
			name = Products;
			sourceTree = "<group>";
		};
		5273C6D618DE96A200A8CFD4 /* Frameworks */ = {
			isa = PBXGroup;
			children = (
				522EA3FD18FA6B0400444217 /* CoreFoundation.framework */,
				522EA3FA18FA690500444217 /* CoreMIDI.framework */,
				52B22EFA18F7BAF400A5A5D3 /* JavaScriptCore.framework */,
				5273C6D718DE96A200A8CFD4 /* Cocoa.framework */,
				5273C6EC18DE96A200A8CFD4 /* XCTest.framework */,
				5273C70F18DEA14E00A8CFD4 /* Foundation.framework */,
				5273C6D918DE96A200A8CFD4 /* Other Frameworks */,
			);
			name = Frameworks;
			sourceTree = "<group>";
		};
		5273C6D918DE96A200A8CFD4 /* Other Frameworks */ = {
			isa = PBXGroup;
			children = (
				5273C6DA18DE96A200A8CFD4 /* Foundation.framework */,
				5273C6DB18DE96A200A8CFD4 /* CoreData.framework */,
				5273C6DC18DE96A200A8CFD4 /* AppKit.framework */,
			);
			name = "Other Frameworks";
			sourceTree = "<group>";
		};
		5273C6DD18DE96A200A8CFD4 /* MIDIKit */ = {
			isa = PBXGroup;
			children = (
				5273C6E418DE96A200A8CFD4 /* MIDIKit.h */,
				5273C70218DE9A9800A8CFD4 /* MKObject.h */,
				5273C70318DE9A9800A8CFD4 /* MKObject.m */,
				5273C70618DE9E2500A8CFD4 /* MKClient.h */,
				5273C70718DE9E2500A8CFD4 /* MKClient.m */,
				52B22EEA18F7A0EF00A5A5D3 /* MKInputPort.h */,
				52B22EEB18F7A0EF00A5A5D3 /* MKInputPort.m */,
				52B22EEE18F7A6C600A5A5D3 /* MKOutputPort.h */,
				52B22EEF18F7A6C600A5A5D3 /* MKOutputPort.m */,
				5273C73518DEAD5700A8CFD4 /* MKDevice.h */,
				5273C73618DEAD5700A8CFD4 /* MKDevice.m */,
				5273C73918DEADB800A8CFD4 /* MKEntity.h */,
				5273C73A18DEADB800A8CFD4 /* MKEntity.m */,
				5273C73D18DEADEE00A8CFD4 /* MKEndpoint.h */,
				5273C73E18DEADEE00A8CFD4 /* MKEndpoint.m */,
				52B22EF218F7B65D00A5A5D3 /* MKVirtualSource.h */,
				52B22EF318F7B65D00A5A5D3 /* MKVirtualSource.m */,
				52B22EF618F7B80900A5A5D3 /* MKVirtualDestination.h */,
				52B22EF718F7B80900A5A5D3 /* MKVirtualDestination.m */,
				52B22EFC18F7C86900A5A5D3 /* MKConnection.h */,
				52B22EFD18F7C86900A5A5D3 /* MKConnection.m */,
				52B22F0318F803E900A5A5D3 /* MKMessage.h */,
				52B22F0418F803E900A5A5D3 /* MKMessage.m */,
				52B169D418F8AE4800EACDAE /* MKJavaScriptContext.h */,
				52B169D518F8AE4800EACDAE /* MKJavaScriptContext.m */,
				522EA42318FA9A9500444217 /* MKJavaScriptModule.h */,
				5273C6DE18DE96A200A8CFD4 /* Supporting Files */,
			);
			path = MIDIKit;
			sourceTree = "<group>";
		};
		5273C6DE18DE96A200A8CFD4 /* Supporting Files */ = {
			isa = PBXGroup;
			children = (
				5273C6DF18DE96A200A8CFD4 /* MIDIKit-Info.plist */,
				5273C6E018DE96A200A8CFD4 /* InfoPlist.strings */,
				5273C6E318DE96A200A8CFD4 /* MIDIKit-Prefix.pch */,
			);
			name = "Supporting Files";
			sourceTree = "<group>";
		};
		5273C72418DEA17B00A8CFD4 /* mktests */ = {
			isa = PBXGroup;
			children = (
				5273C72518DEA17B00A8CFD4 /* main.m */,
				522EA41D18FA98F000444217 /* LPMessage.h */,
				522EA41E18FA98F000444217 /* LPMessage.m */,
				52B095A018F8B5F900CB1440 /* test.js */,
				522EA41B18FA7C4F00444217 /* LPConnection.js */,
				5273C74118DEB2FF00A8CFD4 /* LPDev.h */,
				5273C72718DEA17B00A8CFD4 /* Supporting Files */,
			);
			path = mktests;
			sourceTree = "<group>";
		};
		5273C72718DEA17B00A8CFD4 /* Supporting Files */ = {
			isa = PBXGroup;
			children = (
				5273C72818DEA17B00A8CFD4 /* mktests-Prefix.pch */,
			);
			name = "Supporting Files";
			sourceTree = "<group>";
		};
		528DCB3618FAB3E50090FFFB /* testNativeModule */ = {
			isa = PBXGroup;
			children = (
				528DCB3918FAB3E50090FFFB /* testNativeModule.h */,
				528DCB3A18FAB3E50090FFFB /* testNativeModule.m */,
				528DCB3718FAB3E50090FFFB /* Supporting Files */,
			);
			path = testNativeModule;
			sourceTree = "<group>";
		};
		528DCB3718FAB3E50090FFFB /* Supporting Files */ = {
			isa = PBXGroup;
			children = (
				528DCB3818FAB3E50090FFFB /* testNativeModule-Prefix.pch */,
			);
			name = "Supporting Files";
			sourceTree = "<group>";
		};
		528DCB5E18FABF870090FFFB /* testNativeBundle */ = {
			isa = PBXGroup;
			children = (
				528DCB6C18FABFE60090FFFB /* JRNativeBundle.h */,
				528DCB6D18FABFE60090FFFB /* JRNativeBundle.m */,
				528DCB5F18FABF870090FFFB /* Supporting Files */,
			);
			path = testNativeBundle;
			sourceTree = "<group>";
		};
		528DCB5F18FABF870090FFFB /* Supporting Files */ = {
			isa = PBXGroup;
			children = (
				528DCB6018FABF870090FFFB /* testNativeBundle-Info.plist */,
				528DCB6118FABF870090FFFB /* InfoPlist.strings */,
				528DCB6418FABF870090FFFB /* testNativeBundle-Prefix.pch */,
			);
			name = "Supporting Files";
			sourceTree = "<group>";
		};
		52B22F0D18F858E600A5A5D3 /* lpemutest */ = {
			isa = PBXGroup;
			children = (
				52B22F0E18F858E600A5A5D3 /* main.m */,
				52B22F1A18F8592700A5A5D3 /* JRVirtualLaunchpad.h */,
				52B22F1B18F8592700A5A5D3 /* JRVirtualLaunchpad.m */,
				52B22F1018F858E600A5A5D3 /* Supporting Files */,
			);
			path = lpemutest;
			sourceTree = "<group>";
		};
		52B22F1018F858E600A5A5D3 /* Supporting Files */ = {
			isa = PBXGroup;
			children = (
				52B22F1118F858E600A5A5D3 /* lpemutest-Prefix.pch */,
			);
			name = "Supporting Files";
			sourceTree = "<group>";
		};
		52B2C11E18E7928D00E82760 /* srctree */ = {
			isa = PBXGroup;
			children = (
				52B2C11F18E7928D00E82760 /* NSString+JRExtensions.h */,
				52B2C12018E7928D00E82760 /* NSString+JRExtensions.m */,
			);
			name = srctree;
			path = ../../srctree;
			sourceTree = "<group>";
		};
/* End PBXGroup section */

/* Begin PBXHeadersBuildPhase section */
		5273C6D118DE96A200A8CFD4 /* Headers */ = {
			isa = PBXHeadersBuildPhase;
			buildActionMask = 2147483647;
			files = (
				52B22EFE18F7C86900A5A5D3 /* MKConnection.h in Headers */,
				5273C73718DEAD5700A8CFD4 /* MKDevice.h in Headers */,
				52B22EF818F7B80900A5A5D3 /* MKVirtualDestination.h in Headers */,
				5273C73F18DEADEE00A8CFD4 /* MKEndpoint.h in Headers */,
				52B22EF018F7A6C600A5A5D3 /* MKOutputPort.h in Headers */,
				52B169D618F8AE4800EACDAE /* MKJavaScriptContext.h in Headers */,
				52B22EF418F7B65D00A5A5D3 /* MKVirtualSource.h in Headers */,
				522EA42418FA9A9500444217 /* MKJavaScriptModule.h in Headers */,
				52B22F0518F803E900A5A5D3 /* MKMessage.h in Headers */,
				52B2C12118E7928D00E82760 /* NSString+JRExtensions.h in Headers */,
				52B22EEC18F7A0EF00A5A5D3 /* MKInputPort.h in Headers */,
				5273C73B18DEADB800A8CFD4 /* MKEntity.h in Headers */,
				5273C70418DE9A9800A8CFD4 /* MKObject.h in Headers */,
				5273C70818DE9E2500A8CFD4 /* MKClient.h in Headers */,
			);
			runOnlyForDeploymentPostprocessing = 0;
		};
		528DCB3218FAB3E50090FFFB /* Headers */ = {
			isa = PBXHeadersBuildPhase;
			buildActionMask = 2147483647;
			files = (
			);
			runOnlyForDeploymentPostprocessing = 0;
		};
/* End PBXHeadersBuildPhase section */

/* Begin PBXNativeTarget section */
		5273C6D318DE96A200A8CFD4 /* MIDIKit */ = {
			isa = PBXNativeTarget;
			buildConfigurationList = 5273C6FC18DE96A200A8CFD4 /* Build configuration list for PBXNativeTarget "MIDIKit" */;
			buildPhases = (
				5273C6CF18DE96A200A8CFD4 /* Sources */,
				5273C6D018DE96A200A8CFD4 /* Frameworks */,
				5273C6D118DE96A200A8CFD4 /* Headers */,
				5273C6D218DE96A200A8CFD4 /* Resources */,
			);
			buildRules = (
			);
			dependencies = (
			);
			name = MIDIKit;
			productName = MIDIKit;
			productReference = 5273C6D418DE96A200A8CFD4 /* MIDIKit.framework */;
			productType = "com.apple.product-type.framework";
		};
		5273C72118DEA17B00A8CFD4 /* mktests */ = {
			isa = PBXNativeTarget;
			buildConfigurationList = 5273C72B18DEA17B00A8CFD4 /* Build configuration list for PBXNativeTarget "mktests" */;
			buildPhases = (
				5273C71E18DEA17B00A8CFD4 /* Sources */,
				5273C71F18DEA17B00A8CFD4 /* Frameworks */,
				5273C72018DEA17B00A8CFD4 /* CopyFiles */,
			);
			buildRules = (
			);
			dependencies = (
				5273C72F18DEA17F00A8CFD4 /* PBXTargetDependency */,
				528DCB5518FAB4660090FFFB /* PBXTargetDependency */,
				528DCB6918FABF9E0090FFFB /* PBXTargetDependency */,
			);
			name = mktests;
			productName = mktests;
			productReference = 5273C72218DEA17B00A8CFD4 /* mktests */;
			productType = "com.apple.product-type.tool";
		};
		528DCB3318FAB3E50090FFFB /* testNativeModule */ = {
			isa = PBXNativeTarget;
			buildConfigurationList = 528DCB5218FAB3E50090FFFB /* Build configuration list for PBXNativeTarget "testNativeModule" */;
			buildPhases = (
				528DCB3018FAB3E50090FFFB /* Sources */,
				528DCB3118FAB3E50090FFFB /* Frameworks */,
				528DCB3218FAB3E50090FFFB /* Headers */,
			);
			buildRules = (
			);
			dependencies = (
				528DCB5718FAB46A0090FFFB /* PBXTargetDependency */,
			);
			name = testNativeModule;
			productName = testNativeModule;
			productReference = 528DCB3418FAB3E50090FFFB /* testNativeModule.dylib */;
			productType = "com.apple.product-type.library.dynamic";
		};
		528DCB5B18FABF870090FFFB /* testNativeBundle */ = {
			isa = PBXNativeTarget;
			buildConfigurationList = 528DCB6518FABF870090FFFB /* Build configuration list for PBXNativeTarget "testNativeBundle" */;
			buildPhases = (
				528DCB5818FABF870090FFFB /* Sources */,
				528DCB5918FABF870090FFFB /* Frameworks */,
				528DCB5A18FABF870090FFFB /* Resources */,
			);
			buildRules = (
			);
			dependencies = (
				528DCB6B18FABFA00090FFFB /* PBXTargetDependency */,
			);
			name = testNativeBundle;
			productName = testNativeBundle;
			productReference = 528DCB5C18FABF870090FFFB /* testNativeBundle.bundle */;
			productType = "com.apple.product-type.bundle";
		};
		52B22F0A18F858E500A5A5D3 /* lpemutest */ = {
			isa = PBXNativeTarget;
			buildConfigurationList = 52B22F1418F858E600A5A5D3 /* Build configuration list for PBXNativeTarget "lpemutest" */;
			buildPhases = (
				52B22F0718F858E500A5A5D3 /* Sources */,
				52B22F0818F858E500A5A5D3 /* Frameworks */,
				52B22F0918F858E500A5A5D3 /* CopyFiles */,
			);
			buildRules = (
			);
			dependencies = (
				52B22F1818F858ED00A5A5D3 /* PBXTargetDependency */,
			);
			name = lpemutest;
			productName = lpemutest;
			productReference = 52B22F0B18F858E500A5A5D3 /* lpemutest */;
			productType = "com.apple.product-type.tool";
		};
/* End PBXNativeTarget section */

/* Begin PBXProject section */
		5273C6CB18DE96A200A8CFD4 /* Project object */ = {
			isa = PBXProject;
			attributes = {
				LastUpgradeCheck = 0510;
				ORGANIZATIONNAME = "John Heaton";
			};
			buildConfigurationList = 5273C6CE18DE96A200A8CFD4 /* Build configuration list for PBXProject "MIDIKit" */;
			compatibilityVersion = "Xcode 3.2";
			developmentRegion = English;
			hasScannedForEncodings = 0;
			knownRegions = (
				en,
			);
			mainGroup = 5273C6CA18DE96A200A8CFD4;
			productRefGroup = 5273C6D518DE96A200A8CFD4 /* Products */;
			projectDirPath = "";
			projectRoot = "";
			targets = (
				5273C6D318DE96A200A8CFD4 /* MIDIKit */,
				5273C72118DEA17B00A8CFD4 /* mktests */,
				52B22F0A18F858E500A5A5D3 /* lpemutest */,
				528DCB3318FAB3E50090FFFB /* testNativeModule */,
				528DCB5B18FABF870090FFFB /* testNativeBundle */,
			);
		};
/* End PBXProject section */

/* Begin PBXResourcesBuildPhase section */
		5273C6D218DE96A200A8CFD4 /* Resources */ = {
			isa = PBXResourcesBuildPhase;
			buildActionMask = 2147483647;
			files = (
				5273C6E218DE96A200A8CFD4 /* InfoPlist.strings in Resources */,
			);
			runOnlyForDeploymentPostprocessing = 0;
		};
		528DCB5A18FABF870090FFFB /* Resources */ = {
			isa = PBXResourcesBuildPhase;
			buildActionMask = 2147483647;
			files = (
				528DCB6318FABF870090FFFB /* InfoPlist.strings in Resources */,
			);
			runOnlyForDeploymentPostprocessing = 0;
		};
/* End PBXResourcesBuildPhase section */

/* Begin PBXSourcesBuildPhase section */
		5273C6CF18DE96A200A8CFD4 /* Sources */ = {
			isa = PBXSourcesBuildPhase;
			buildActionMask = 2147483647;
			files = (
				5273C70918DE9E2500A8CFD4 /* MKClient.m in Sources */,
				5273C74018DEADEE00A8CFD4 /* MKEndpoint.m in Sources */,
				5273C73818DEAD5700A8CFD4 /* MKDevice.m in Sources */,
				52B22F0618F803E900A5A5D3 /* MKMessage.m in Sources */,
				5273C73C18DEADB800A8CFD4 /* MKEntity.m in Sources */,
				52B22EED18F7A0EF00A5A5D3 /* MKInputPort.m in Sources */,
				5273C70518DE9A9800A8CFD4 /* MKObject.m in Sources */,
				52B22EF918F7B80900A5A5D3 /* MKVirtualDestination.m in Sources */,
				52B22EF518F7B65D00A5A5D3 /* MKVirtualSource.m in Sources */,
				52B169D718F8AE4800EACDAE /* MKJavaScriptContext.m in Sources */,
				52B22EFF18F7C86900A5A5D3 /* MKConnection.m in Sources */,
				52B2C12218E7928D00E82760 /* NSString+JRExtensions.m in Sources */,
				52B22EF118F7A6C600A5A5D3 /* MKOutputPort.m in Sources */,
			);
			runOnlyForDeploymentPostprocessing = 0;
		};
		5273C71E18DEA17B00A8CFD4 /* Sources */ = {
			isa = PBXSourcesBuildPhase;
			buildActionMask = 2147483647;
			files = (
				5273C72618DEA17B00A8CFD4 /* main.m in Sources */,
				522EA41F18FA98F000444217 /* LPMessage.m in Sources */,
			);
			runOnlyForDeploymentPostprocessing = 0;
		};
		528DCB3018FAB3E50090FFFB /* Sources */ = {
			isa = PBXSourcesBuildPhase;
			buildActionMask = 2147483647;
			files = (
				528DCB3B18FAB3E50090FFFB /* testNativeModule.m in Sources */,
			);
			runOnlyForDeploymentPostprocessing = 0;
		};
		528DCB5818FABF870090FFFB /* Sources */ = {
			isa = PBXSourcesBuildPhase;
			buildActionMask = 2147483647;
			files = (
				528DCB6E18FABFE60090FFFB /* JRNativeBundle.m in Sources */,
			);
			runOnlyForDeploymentPostprocessing = 0;
		};
		52B22F0718F858E500A5A5D3 /* Sources */ = {
			isa = PBXSourcesBuildPhase;
			buildActionMask = 2147483647;
			files = (
				522EA42018FA98F000444217 /* LPMessage.m in Sources */,
				52B22F1C18F8592700A5A5D3 /* JRVirtualLaunchpad.m in Sources */,
				52B22F0F18F858E600A5A5D3 /* main.m in Sources */,
			);
			runOnlyForDeploymentPostprocessing = 0;
		};
/* End PBXSourcesBuildPhase section */

/* Begin PBXTargetDependency section */
		5273C72F18DEA17F00A8CFD4 /* PBXTargetDependency */ = {
			isa = PBXTargetDependency;
			target = 5273C6D318DE96A200A8CFD4 /* MIDIKit */;
			targetProxy = 5273C72E18DEA17F00A8CFD4 /* PBXContainerItemProxy */;
		};
		528DCB5518FAB4660090FFFB /* PBXTargetDependency */ = {
			isa = PBXTargetDependency;
			target = 528DCB3318FAB3E50090FFFB /* testNativeModule */;
			targetProxy = 528DCB5418FAB4660090FFFB /* PBXContainerItemProxy */;
		};
		528DCB5718FAB46A0090FFFB /* PBXTargetDependency */ = {
			isa = PBXTargetDependency;
			target = 5273C6D318DE96A200A8CFD4 /* MIDIKit */;
			targetProxy = 528DCB5618FAB46A0090FFFB /* PBXContainerItemProxy */;
		};
		528DCB6918FABF9E0090FFFB /* PBXTargetDependency */ = {
			isa = PBXTargetDependency;
			target = 528DCB5B18FABF870090FFFB /* testNativeBundle */;
			targetProxy = 528DCB6818FABF9E0090FFFB /* PBXContainerItemProxy */;
		};
		528DCB6B18FABFA00090FFFB /* PBXTargetDependency */ = {
			isa = PBXTargetDependency;
			target = 5273C6D318DE96A200A8CFD4 /* MIDIKit */;
			targetProxy = 528DCB6A18FABFA00090FFFB /* PBXContainerItemProxy */;
		};
		52B22F1818F858ED00A5A5D3 /* PBXTargetDependency */ = {
			isa = PBXTargetDependency;
			target = 5273C6D318DE96A200A8CFD4 /* MIDIKit */;
			targetProxy = 52B22F1718F858ED00A5A5D3 /* PBXContainerItemProxy */;
		};
/* End PBXTargetDependency section */

/* Begin PBXVariantGroup section */
		5273C6E018DE96A200A8CFD4 /* InfoPlist.strings */ = {
			isa = PBXVariantGroup;
			children = (
				5273C6E118DE96A200A8CFD4 /* en */,
			);
			name = InfoPlist.strings;
			sourceTree = "<group>";
		};
		528DCB6118FABF870090FFFB /* InfoPlist.strings */ = {
			isa = PBXVariantGroup;
			children = (
				528DCB6218FABF870090FFFB /* en */,
			);
			name = InfoPlist.strings;
			sourceTree = "<group>";
		};
/* End PBXVariantGroup section */

/* Begin XCBuildConfiguration section */
		5273C6FA18DE96A200A8CFD4 /* Debug */ = {
			isa = XCBuildConfiguration;
			buildSettings = {
				ALWAYS_SEARCH_USER_PATHS = NO;
				CLANG_CXX_LANGUAGE_STANDARD = "gnu++0x";
				CLANG_CXX_LIBRARY = "libc++";
				CLANG_ENABLE_MODULES = YES;
				CLANG_ENABLE_OBJC_ARC = YES;
				CLANG_WARN_BOOL_CONVERSION = YES;
				CLANG_WARN_CONSTANT_CONVERSION = YES;
				CLANG_WARN_DIRECT_OBJC_ISA_USAGE = YES_ERROR;
				CLANG_WARN_EMPTY_BODY = YES;
				CLANG_WARN_ENUM_CONVERSION = YES;
				CLANG_WARN_INT_CONVERSION = YES;
				CLANG_WARN_OBJC_ROOT_CLASS = YES_ERROR;
				CLANG_WARN__DUPLICATE_METHOD_MATCH = YES;
				COPY_PHASE_STRIP = NO;
				GCC_C_LANGUAGE_STANDARD = gnu99;
				GCC_DYNAMIC_NO_PIC = NO;
				GCC_ENABLE_OBJC_EXCEPTIONS = YES;
				GCC_OPTIMIZATION_LEVEL = 0;
				GCC_PREPROCESSOR_DEFINITIONS = (
					"DEBUG=1",
					"$(inherited)",
				);
				GCC_SYMBOLS_PRIVATE_EXTERN = NO;
				GCC_WARN_64_TO_32_BIT_CONVERSION = YES;
				GCC_WARN_ABOUT_RETURN_TYPE = YES_ERROR;
				GCC_WARN_UNDECLARED_SELECTOR = YES;
				GCC_WARN_UNINITIALIZED_AUTOS = YES_AGGRESSIVE;
				GCC_WARN_UNUSED_FUNCTION = YES;
				GCC_WARN_UNUSED_VARIABLE = YES;
				MACOSX_DEPLOYMENT_TARGET = 10.9;
				ONLY_ACTIVE_ARCH = YES;
				SDKROOT = macosx;
			};
			name = Debug;
		};
		5273C6FB18DE96A200A8CFD4 /* Release */ = {
			isa = XCBuildConfiguration;
			buildSettings = {
				ALWAYS_SEARCH_USER_PATHS = NO;
				CLANG_CXX_LANGUAGE_STANDARD = "gnu++0x";
				CLANG_CXX_LIBRARY = "libc++";
				CLANG_ENABLE_MODULES = YES;
				CLANG_ENABLE_OBJC_ARC = YES;
				CLANG_WARN_BOOL_CONVERSION = YES;
				CLANG_WARN_CONSTANT_CONVERSION = YES;
				CLANG_WARN_DIRECT_OBJC_ISA_USAGE = YES_ERROR;
				CLANG_WARN_EMPTY_BODY = YES;
				CLANG_WARN_ENUM_CONVERSION = YES;
				CLANG_WARN_INT_CONVERSION = YES;
				CLANG_WARN_OBJC_ROOT_CLASS = YES_ERROR;
				CLANG_WARN__DUPLICATE_METHOD_MATCH = YES;
				COPY_PHASE_STRIP = YES;
				DEBUG_INFORMATION_FORMAT = "dwarf-with-dsym";
				ENABLE_NS_ASSERTIONS = NO;
				GCC_C_LANGUAGE_STANDARD = gnu99;
				GCC_ENABLE_OBJC_EXCEPTIONS = YES;
				GCC_WARN_64_TO_32_BIT_CONVERSION = YES;
				GCC_WARN_ABOUT_RETURN_TYPE = YES_ERROR;
				GCC_WARN_UNDECLARED_SELECTOR = YES;
				GCC_WARN_UNINITIALIZED_AUTOS = YES_AGGRESSIVE;
				GCC_WARN_UNUSED_FUNCTION = YES;
				GCC_WARN_UNUSED_VARIABLE = YES;
				MACOSX_DEPLOYMENT_TARGET = 10.9;
				SDKROOT = macosx;
			};
			name = Release;
		};
		5273C6FD18DE96A200A8CFD4 /* Debug */ = {
			isa = XCBuildConfiguration;
			buildSettings = {
				COMBINE_HIDPI_IMAGES = YES;
				DYLIB_COMPATIBILITY_VERSION = 1;
				DYLIB_CURRENT_VERSION = 1;
				FRAMEWORK_VERSION = A;
				GCC_PRECOMPILE_PREFIX_HEADER = YES;
				GCC_PREFIX_HEADER = "MIDIKit/MIDIKit-Prefix.pch";
				INFOPLIST_FILE = "MIDIKit/MIDIKit-Info.plist";
				PRODUCT_NAME = "$(TARGET_NAME)";
				WRAPPER_EXTENSION = framework;
			};
			name = Debug;
		};
		5273C6FE18DE96A200A8CFD4 /* Release */ = {
			isa = XCBuildConfiguration;
			buildSettings = {
				COMBINE_HIDPI_IMAGES = YES;
				DYLIB_COMPATIBILITY_VERSION = 1;
				DYLIB_CURRENT_VERSION = 1;
				FRAMEWORK_VERSION = A;
				GCC_PRECOMPILE_PREFIX_HEADER = YES;
				GCC_PREFIX_HEADER = "MIDIKit/MIDIKit-Prefix.pch";
				INFOPLIST_FILE = "MIDIKit/MIDIKit-Info.plist";
				PRODUCT_NAME = "$(TARGET_NAME)";
				WRAPPER_EXTENSION = framework;
			};
			name = Release;
		};
		5273C72C18DEA17B00A8CFD4 /* Debug */ = {
			isa = XCBuildConfiguration;
			buildSettings = {
				GCC_PRECOMPILE_PREFIX_HEADER = YES;
				GCC_PREFIX_HEADER = "mktests/mktests-Prefix.pch";
				GCC_PREPROCESSOR_DEFINITIONS = (
					"DEBUG=1",
					"$(inherited)",
				);
				PRODUCT_NAME = "$(TARGET_NAME)";
			};
			name = Debug;
		};
		5273C72D18DEA17B00A8CFD4 /* Release */ = {
			isa = XCBuildConfiguration;
			buildSettings = {
				GCC_PRECOMPILE_PREFIX_HEADER = YES;
				GCC_PREFIX_HEADER = "mktests/mktests-Prefix.pch";
				PRODUCT_NAME = "$(TARGET_NAME)";
			};
			name = Release;
		};
		528DCB4E18FAB3E50090FFFB /* Debug */ = {
			isa = XCBuildConfiguration;
			buildSettings = {
				DYLIB_COMPATIBILITY_VERSION = 1;
				DYLIB_CURRENT_VERSION = 1;
				GCC_PRECOMPILE_PREFIX_HEADER = YES;
				GCC_PREFIX_HEADER = "testNativeModule/testNativeModule-Prefix.pch";
				GCC_PREPROCESSOR_DEFINITIONS = (
					"DEBUG=1",
					"$(inherited)",
				);
				PRODUCT_NAME = "$(TARGET_NAME)";
				STRIP_INSTALLED_PRODUCT = NO;
			};
			name = Debug;
		};
		528DCB4F18FAB3E50090FFFB /* Release */ = {
			isa = XCBuildConfiguration;
			buildSettings = {
				COPY_PHASE_STRIP = NO;
				DYLIB_COMPATIBILITY_VERSION = 1;
				DYLIB_CURRENT_VERSION = 1;
				GCC_PRECOMPILE_PREFIX_HEADER = YES;
				GCC_PREFIX_HEADER = "testNativeModule/testNativeModule-Prefix.pch";
				PRODUCT_NAME = "$(TARGET_NAME)";
				STRIP_INSTALLED_PRODUCT = NO;
			};
			name = Release;
		};
		528DCB6618FABF870090FFFB /* Debug */ = {
			isa = XCBuildConfiguration;
			buildSettings = {
				COMBINE_HIDPI_IMAGES = YES;
				GCC_PRECOMPILE_PREFIX_HEADER = YES;
				GCC_PREFIX_HEADER = "testNativeBundle/testNativeBundle-Prefix.pch";
				GCC_PREPROCESSOR_DEFINITIONS = (
					"DEBUG=1",
					"$(inherited)",
				);
				INFOPLIST_FILE = "testNativeBundle/testNativeBundle-Info.plist";
				INSTALL_PATH = "$(LOCAL_LIBRARY_DIR)/Bundles";
				PRODUCT_NAME = "$(TARGET_NAME)";
				WRAPPER_EXTENSION = bundle;
			};
			name = Debug;
		};
		528DCB6718FABF870090FFFB /* Release */ = {
			isa = XCBuildConfiguration;
			buildSettings = {
				COMBINE_HIDPI_IMAGES = YES;
				GCC_PRECOMPILE_PREFIX_HEADER = YES;
				GCC_PREFIX_HEADER = "testNativeBundle/testNativeBundle-Prefix.pch";
				INFOPLIST_FILE = "testNativeBundle/testNativeBundle-Info.plist";
				INSTALL_PATH = "$(LOCAL_LIBRARY_DIR)/Bundles";
				PRODUCT_NAME = "$(TARGET_NAME)";
				WRAPPER_EXTENSION = bundle;
			};
			name = Release;
		};
		52B22F1518F858E600A5A5D3 /* Debug */ = {
			isa = XCBuildConfiguration;
			buildSettings = {
				GCC_PRECOMPILE_PREFIX_HEADER = YES;
				GCC_PREFIX_HEADER = "lpemutest/lpemutest-Prefix.pch";
				GCC_PREPROCESSOR_DEFINITIONS = (
					"DEBUG=1",
					"$(inherited)",
				);
				PRODUCT_NAME = "$(TARGET_NAME)";
			};
			name = Debug;
		};
		52B22F1618F858E600A5A5D3 /* Release */ = {
			isa = XCBuildConfiguration;
			buildSettings = {
				GCC_PRECOMPILE_PREFIX_HEADER = YES;
				GCC_PREFIX_HEADER = "lpemutest/lpemutest-Prefix.pch";
				PRODUCT_NAME = "$(TARGET_NAME)";
			};
			name = Release;
		};
/* End XCBuildConfiguration section */

/* Begin XCConfigurationList section */
		5273C6CE18DE96A200A8CFD4 /* Build configuration list for PBXProject "MIDIKit" */ = {
			isa = XCConfigurationList;
			buildConfigurations = (
				5273C6FA18DE96A200A8CFD4 /* Debug */,
				5273C6FB18DE96A200A8CFD4 /* Release */,
			);
			defaultConfigurationIsVisible = 0;
			defaultConfigurationName = Release;
		};
		5273C6FC18DE96A200A8CFD4 /* Build configuration list for PBXNativeTarget "MIDIKit" */ = {
			isa = XCConfigurationList;
			buildConfigurations = (
				5273C6FD18DE96A200A8CFD4 /* Debug */,
				5273C6FE18DE96A200A8CFD4 /* Release */,
			);
			defaultConfigurationIsVisible = 0;
			defaultConfigurationName = Release;
		};
		5273C72B18DEA17B00A8CFD4 /* Build configuration list for PBXNativeTarget "mktests" */ = {
			isa = XCConfigurationList;
			buildConfigurations = (
				5273C72C18DEA17B00A8CFD4 /* Debug */,
				5273C72D18DEA17B00A8CFD4 /* Release */,
			);
			defaultConfigurationIsVisible = 0;
			defaultConfigurationName = Release;
		};
		528DCB5218FAB3E50090FFFB /* Build configuration list for PBXNativeTarget "testNativeModule" */ = {
			isa = XCConfigurationList;
			buildConfigurations = (
				528DCB4E18FAB3E50090FFFB /* Debug */,
				528DCB4F18FAB3E50090FFFB /* Release */,
			);
			defaultConfigurationIsVisible = 0;
		};
		528DCB6518FABF870090FFFB /* Build configuration list for PBXNativeTarget "testNativeBundle" */ = {
			isa = XCConfigurationList;
			buildConfigurations = (
				528DCB6618FABF870090FFFB /* Debug */,
				528DCB6718FABF870090FFFB /* Release */,
			);
			defaultConfigurationIsVisible = 0;
		};
		52B22F1418F858E600A5A5D3 /* Build configuration list for PBXNativeTarget "lpemutest" */ = {
			isa = XCConfigurationList;
			buildConfigurations = (
				52B22F1518F858E600A5A5D3 /* Debug */,
				52B22F1618F858E600A5A5D3 /* Release */,
			);
			defaultConfigurationIsVisible = 0;
			defaultConfigurationName = Release;
		};
/* End XCConfigurationList section */
	};
	rootObject = 5273C6CB18DE96A200A8CFD4 /* Project object */;
}
