// !$*UTF8*$!
{
	archiveVersion = 1;
	classes = {
	};
	objectVersion = 46;
	objects = {

/* Begin PBXBuildFile section */
		521C1BC318FD16A500A002FC /* flash.js in Sources */ = {isa = PBXBuildFile; fileRef = 521C1BC218FD16A500A002FC /* flash.js */; };
		521C1BC518FD412900A002FC /* README.md in Resources */ = {isa = PBXBuildFile; fileRef = 521C1BC418FD412900A002FC /* README.md */; };
		524005E518FB06CD0030B46D /* Foundation.framework in Frameworks */ = {isa = PBXBuildFile; fileRef = 5273C70F18DEA14E00A8CFD4 /* Foundation.framework */; };
		5240063E18FB0A5B0030B46D /* MKConnection.m in Sources */ = {isa = PBXBuildFile; fileRef = 52B22EFD18F7C86900A5A5D3 /* MKConnection.m */; };
		5240063F18FB0A5C0030B46D /* MKMessage.m in Sources */ = {isa = PBXBuildFile; fileRef = 52B22F0418F803E900A5A5D3 /* MKMessage.m */; };
		5240064118FB0A600030B46D /* MKObject.m in Sources */ = {isa = PBXBuildFile; fileRef = 5273C70318DE9A9800A8CFD4 /* MKObject.m */; };
		5240064218FB0A620030B46D /* MKClient.m in Sources */ = {isa = PBXBuildFile; fileRef = 5273C70718DE9E2500A8CFD4 /* MKClient.m */; };
		5240064318FB0A640030B46D /* MKInputPort.m in Sources */ = {isa = PBXBuildFile; fileRef = 52B22EEB18F7A0EF00A5A5D3 /* MKInputPort.m */; };
		5240064418FB0A650030B46D /* MKOutputPort.m in Sources */ = {isa = PBXBuildFile; fileRef = 52B22EEF18F7A6C600A5A5D3 /* MKOutputPort.m */; };
		5240064518FB0A660030B46D /* MKDevice.m in Sources */ = {isa = PBXBuildFile; fileRef = 5273C73618DEAD5700A8CFD4 /* MKDevice.m */; };
		5240064618FB0A670030B46D /* MKEntity.m in Sources */ = {isa = PBXBuildFile; fileRef = 5273C73A18DEADB800A8CFD4 /* MKEntity.m */; };
		5240064818FB0A690030B46D /* MKVirtualSource.m in Sources */ = {isa = PBXBuildFile; fileRef = 52B22EF318F7B65D00A5A5D3 /* MKVirtualSource.m */; };
		5240064918FB0A6A0030B46D /* MKVirtualDestination.m in Sources */ = {isa = PBXBuildFile; fileRef = 52B22EF718F7B80900A5A5D3 /* MKVirtualDestination.m */; };
		5240064D18FB15050030B46D /* MKThruConnection.h in Headers */ = {isa = PBXBuildFile; fileRef = 5240064B18FB15050030B46D /* MKThruConnection.h */; };
		5240064E18FB15050030B46D /* MKThruConnection.m in Sources */ = {isa = PBXBuildFile; fileRef = 5240064C18FB15050030B46D /* MKThruConnection.m */; };
		5240064F18FB15050030B46D /* MKThruConnection.m in Sources */ = {isa = PBXBuildFile; fileRef = 5240064C18FB15050030B46D /* MKThruConnection.m */; };
		5273C6D818DE96A200A8CFD4 /* Cocoa.framework in Frameworks */ = {isa = PBXBuildFile; fileRef = 5273C6D718DE96A200A8CFD4 /* Cocoa.framework */; };
		5273C70418DE9A9800A8CFD4 /* MKObject.h in Headers */ = {isa = PBXBuildFile; fileRef = 5273C70218DE9A9800A8CFD4 /* MKObject.h */; };
		5273C70518DE9A9800A8CFD4 /* MKObject.m in Sources */ = {isa = PBXBuildFile; fileRef = 5273C70318DE9A9800A8CFD4 /* MKObject.m */; };
		5273C70818DE9E2500A8CFD4 /* MKClient.h in Headers */ = {isa = PBXBuildFile; fileRef = 5273C70618DE9E2500A8CFD4 /* MKClient.h */; };
		5273C70918DE9E2500A8CFD4 /* MKClient.m in Sources */ = {isa = PBXBuildFile; fileRef = 5273C70718DE9E2500A8CFD4 /* MKClient.m */; };
		5273C73718DEAD5700A8CFD4 /* MKDevice.h in Headers */ = {isa = PBXBuildFile; fileRef = 5273C73518DEAD5700A8CFD4 /* MKDevice.h */; };
		5273C73818DEAD5700A8CFD4 /* MKDevice.m in Sources */ = {isa = PBXBuildFile; fileRef = 5273C73618DEAD5700A8CFD4 /* MKDevice.m */; };
		5273C73B18DEADB800A8CFD4 /* MKEntity.h in Headers */ = {isa = PBXBuildFile; fileRef = 5273C73918DEADB800A8CFD4 /* MKEntity.h */; };
		5273C73C18DEADB800A8CFD4 /* MKEntity.m in Sources */ = {isa = PBXBuildFile; fileRef = 5273C73A18DEADB800A8CFD4 /* MKEntity.m */; };
		527B2AB518FCC6AB001D0CDD /* MKPrivate.m in Sources */ = {isa = PBXBuildFile; fileRef = 527B2AB418FCC6AB001D0CDD /* MKPrivate.m */; };
		527B2AB618FCC6AB001D0CDD /* MKPrivate.m in Sources */ = {isa = PBXBuildFile; fileRef = 527B2AB418FCC6AB001D0CDD /* MKPrivate.m */; };
		527B2AB718FCC6AB001D0CDD /* MKPrivate.m in Sources */ = {isa = PBXBuildFile; fileRef = 527B2AB418FCC6AB001D0CDD /* MKPrivate.m */; };
		528C943D18FC774100A7B960 /* MKDestination.h in Headers */ = {isa = PBXBuildFile; fileRef = 528C943B18FC774100A7B960 /* MKDestination.h */; };
		528C943E18FC774100A7B960 /* MKDestination.m in Sources */ = {isa = PBXBuildFile; fileRef = 528C943C18FC774100A7B960 /* MKDestination.m */; };
		528C944118FC7FC000A7B960 /* MKSource.h in Headers */ = {isa = PBXBuildFile; fileRef = 528C943F18FC7FC000A7B960 /* MKSource.h */; };
		528C944218FC7FC000A7B960 /* MKSource.h in Headers */ = {isa = PBXBuildFile; fileRef = 528C943F18FC7FC000A7B960 /* MKSource.h */; };
		528C944318FC7FC000A7B960 /* MKSource.m in Sources */ = {isa = PBXBuildFile; fileRef = 528C944018FC7FC000A7B960 /* MKSource.m */; };
		528C944418FC7FC000A7B960 /* MKSource.m in Sources */ = {isa = PBXBuildFile; fileRef = 528C944018FC7FC000A7B960 /* MKSource.m */; };
		528C944518FC7FC000A7B960 /* MKSource.m in Sources */ = {isa = PBXBuildFile; fileRef = 528C944018FC7FC000A7B960 /* MKSource.m */; };
		528C944618FC7FCE00A7B960 /* MKDestination.m in Sources */ = {isa = PBXBuildFile; fileRef = 528C943C18FC774100A7B960 /* MKDestination.m */; };
		528C944718FC7FD100A7B960 /* MKDestination.m in Sources */ = {isa = PBXBuildFile; fileRef = 528C943C18FC774100A7B960 /* MKDestination.m */; };
		528C944D18FC8FD900A7B960 /* LPMessage.m in Sources */ = {isa = PBXBuildFile; fileRef = 528C944B18FC8FD900A7B960 /* LPMessage.m */; };
		528C944E18FC8FD900A7B960 /* main.m in Sources */ = {isa = PBXBuildFile; fileRef = 528C944C18FC8FD900A7B960 /* main.m */; };
		528C945918FC90B400A7B960 /* MKJavaScriptContext.m in Sources */ = {isa = PBXBuildFile; fileRef = 528C945818FC90B400A7B960 /* MKJavaScriptContext.m */; };
		528C945B18FC919800A7B960 /* MIDIKit.m in Sources */ = {isa = PBXBuildFile; fileRef = 528C945A18FC919800A7B960 /* MIDIKit.m */; };
		528C945C18FC919800A7B960 /* MIDIKit.m in Sources */ = {isa = PBXBuildFile; fileRef = 528C945A18FC919800A7B960 /* MIDIKit.m */; };
		528C945D18FC919800A7B960 /* MIDIKit.m in Sources */ = {isa = PBXBuildFile; fileRef = 528C945A18FC919800A7B960 /* MIDIKit.m */; };
		52A1E05518FB876900D7073F /* Cocoa.framework in Frameworks */ = {isa = PBXBuildFile; fileRef = 5273C6D718DE96A200A8CFD4 /* Cocoa.framework */; };
		52A1E07718FB88E200D7073F /* libMIDIKitOSX.a in Frameworks */ = {isa = PBXBuildFile; fileRef = 52A1E05418FB876900D7073F /* libMIDIKitOSX.a */; };
		52A1E07918FB88FE00D7073F /* MKThruConnection.m in Sources */ = {isa = PBXBuildFile; fileRef = 5240064C18FB15050030B46D /* MKThruConnection.m */; };
		52A1E07A18FB88FF00D7073F /* MKObject.m in Sources */ = {isa = PBXBuildFile; fileRef = 5273C70318DE9A9800A8CFD4 /* MKObject.m */; };
		52A1E07B18FB890200D7073F /* MKClient.m in Sources */ = {isa = PBXBuildFile; fileRef = 5273C70718DE9E2500A8CFD4 /* MKClient.m */; };
		52A1E07C18FB890500D7073F /* MKInputPort.m in Sources */ = {isa = PBXBuildFile; fileRef = 52B22EEB18F7A0EF00A5A5D3 /* MKInputPort.m */; };
		52A1E07D18FB890600D7073F /* MKOutputPort.m in Sources */ = {isa = PBXBuildFile; fileRef = 52B22EEF18F7A6C600A5A5D3 /* MKOutputPort.m */; };
		52A1E07E18FB890800D7073F /* MKDevice.m in Sources */ = {isa = PBXBuildFile; fileRef = 5273C73618DEAD5700A8CFD4 /* MKDevice.m */; };
		52A1E07F18FB890A00D7073F /* MKEntity.m in Sources */ = {isa = PBXBuildFile; fileRef = 5273C73A18DEADB800A8CFD4 /* MKEntity.m */; };
		52A1E08118FB890E00D7073F /* MKVirtualSource.m in Sources */ = {isa = PBXBuildFile; fileRef = 52B22EF318F7B65D00A5A5D3 /* MKVirtualSource.m */; };
		52A1E08218FB891000D7073F /* MKVirtualDestination.m in Sources */ = {isa = PBXBuildFile; fileRef = 52B22EF718F7B80900A5A5D3 /* MKVirtualDestination.m */; };
		52A1E08318FB891300D7073F /* MKConnection.m in Sources */ = {isa = PBXBuildFile; fileRef = 52B22EFD18F7C86900A5A5D3 /* MKConnection.m */; };
		52A1E08418FB891500D7073F /* MKMessage.m in Sources */ = {isa = PBXBuildFile; fileRef = 52B22F0418F803E900A5A5D3 /* MKMessage.m */; };
		52B22EEC18F7A0EF00A5A5D3 /* MKInputPort.h in Headers */ = {isa = PBXBuildFile; fileRef = 52B22EEA18F7A0EF00A5A5D3 /* MKInputPort.h */; };
		52B22EED18F7A0EF00A5A5D3 /* MKInputPort.m in Sources */ = {isa = PBXBuildFile; fileRef = 52B22EEB18F7A0EF00A5A5D3 /* MKInputPort.m */; };
		52B22EF018F7A6C600A5A5D3 /* MKOutputPort.h in Headers */ = {isa = PBXBuildFile; fileRef = 52B22EEE18F7A6C600A5A5D3 /* MKOutputPort.h */; };
		52B22EF118F7A6C600A5A5D3 /* MKOutputPort.m in Sources */ = {isa = PBXBuildFile; fileRef = 52B22EEF18F7A6C600A5A5D3 /* MKOutputPort.m */; };
		52B22EF418F7B65D00A5A5D3 /* MKVirtualSource.h in Headers */ = {isa = PBXBuildFile; fileRef = 52B22EF218F7B65D00A5A5D3 /* MKVirtualSource.h */; };
		52B22EF518F7B65D00A5A5D3 /* MKVirtualSource.m in Sources */ = {isa = PBXBuildFile; fileRef = 52B22EF318F7B65D00A5A5D3 /* MKVirtualSource.m */; };
		52B22EF818F7B80900A5A5D3 /* MKVirtualDestination.h in Headers */ = {isa = PBXBuildFile; fileRef = 52B22EF618F7B80900A5A5D3 /* MKVirtualDestination.h */; };
		52B22EF918F7B80900A5A5D3 /* MKVirtualDestination.m in Sources */ = {isa = PBXBuildFile; fileRef = 52B22EF718F7B80900A5A5D3 /* MKVirtualDestination.m */; };
		52B22EFB18F7BAF400A5A5D3 /* JavaScriptCore.framework in Frameworks */ = {isa = PBXBuildFile; fileRef = 52B22EFA18F7BAF400A5A5D3 /* JavaScriptCore.framework */; };
		52B22EFE18F7C86900A5A5D3 /* MKConnection.h in Headers */ = {isa = PBXBuildFile; fileRef = 52B22EFC18F7C86900A5A5D3 /* MKConnection.h */; };
		52B22EFF18F7C86900A5A5D3 /* MKConnection.m in Sources */ = {isa = PBXBuildFile; fileRef = 52B22EFD18F7C86900A5A5D3 /* MKConnection.m */; };
		52B22F0518F803E900A5A5D3 /* MKMessage.h in Headers */ = {isa = PBXBuildFile; fileRef = 52B22F0318F803E900A5A5D3 /* MKMessage.h */; };
		52B22F0618F803E900A5A5D3 /* MKMessage.m in Sources */ = {isa = PBXBuildFile; fileRef = 52B22F0418F803E900A5A5D3 /* MKMessage.m */; };
		52DDEDEF18FB55400019BE98 /* Foundation.framework in Frameworks */ = {isa = PBXBuildFile; fileRef = 5273C70F18DEA14E00A8CFD4 /* Foundation.framework */; };
		52DDEE0218FB60010019BE98 /* libreadline.dylib in Frameworks */ = {isa = PBXBuildFile; fileRef = 52DDEE0118FB60010019BE98 /* libreadline.dylib */; };
/* End PBXBuildFile section */

/* Begin PBXContainerItemProxy section */
		52A1E07418FB87C400D7073F /* PBXContainerItemProxy */ = {
			isa = PBXContainerItemProxy;
			containerPortal = 5273C6CB18DE96A200A8CFD4 /* Project object */;
			proxyType = 1;
			remoteGlobalIDString = 52A1E05318FB876900D7073F;
			remoteInfo = "MIDIKit Static Lib (OS X)";
		};
/* End PBXContainerItemProxy section */

/* Begin PBXCopyFilesBuildPhase section */
		524005E218FB06CD0030B46D /* CopyFiles */ = {
			isa = PBXCopyFilesBuildPhase;
			buildActionMask = 2147483647;
			dstPath = "include/$(PRODUCT_NAME)";
			dstSubfolderSpec = 16;
			files = (
			);
			runOnlyForDeploymentPostprocessing = 0;
		};
		52DDEDEC18FB55400019BE98 /* CopyFiles */ = {
			isa = PBXCopyFilesBuildPhase;
			buildActionMask = 2147483647;
			dstPath = /usr/share/man/man1/;
			dstSubfolderSpec = 0;
			files = (
			);
			runOnlyForDeploymentPostprocessing = 1;
		};
/* End PBXCopyFilesBuildPhase section */

/* Begin PBXFileReference section */
		521C1BC218FD16A500A002FC /* flash.js */ = {isa = PBXFileReference; fileEncoding = 4; lastKnownFileType = sourcecode.javascript; path = flash.js; sourceTree = "<group>"; };
		521C1BC418FD412900A002FC /* README.md */ = {isa = PBXFileReference; fileEncoding = 4; lastKnownFileType = text; path = README.md; sourceTree = SOURCE_ROOT; };
		522EA3FA18FA690500444217 /* CoreMIDI.framework */ = {isa = PBXFileReference; lastKnownFileType = wrapper.framework; name = CoreMIDI.framework; path = System/Library/Frameworks/CoreMIDI.framework; sourceTree = SDKROOT; };
		522EA3FD18FA6B0400444217 /* CoreFoundation.framework */ = {isa = PBXFileReference; lastKnownFileType = wrapper.framework; name = CoreFoundation.framework; path = System/Library/Frameworks/CoreFoundation.framework; sourceTree = SDKROOT; };
		524005E418FB06CD0030B46D /* libMIDIKitiOS.a */ = {isa = PBXFileReference; explicitFileType = archive.ar; includeInIndex = 0; path = libMIDIKitiOS.a; sourceTree = BUILT_PRODUCTS_DIR; };
		524005F418FB06CD0030B46D /* UIKit.framework */ = {isa = PBXFileReference; lastKnownFileType = wrapper.framework; name = UIKit.framework; path = Library/Frameworks/UIKit.framework; sourceTree = DEVELOPER_DIR; };
		5240060E18FB08220030B46D /* CoreGraphics.framework */ = {isa = PBXFileReference; lastKnownFileType = wrapper.framework; name = CoreGraphics.framework; path = System/Library/Frameworks/CoreGraphics.framework; sourceTree = SDKROOT; };
		5240064B18FB15050030B46D /* MKThruConnection.h */ = {isa = PBXFileReference; fileEncoding = 4; lastKnownFileType = sourcecode.c.h; path = MKThruConnection.h; sourceTree = "<group>"; };
		5240064C18FB15050030B46D /* MKThruConnection.m */ = {isa = PBXFileReference; fileEncoding = 4; lastKnownFileType = sourcecode.c.objc; path = MKThruConnection.m; sourceTree = "<group>"; };
		5273C6D418DE96A200A8CFD4 /* MIDIKit.framework */ = {isa = PBXFileReference; explicitFileType = wrapper.framework; includeInIndex = 0; path = MIDIKit.framework; sourceTree = BUILT_PRODUCTS_DIR; };
		5273C6D718DE96A200A8CFD4 /* Cocoa.framework */ = {isa = PBXFileReference; lastKnownFileType = wrapper.framework; name = Cocoa.framework; path = System/Library/Frameworks/Cocoa.framework; sourceTree = SDKROOT; };
		5273C6DA18DE96A200A8CFD4 /* Foundation.framework */ = {isa = PBXFileReference; lastKnownFileType = wrapper.framework; name = Foundation.framework; path = System/Library/Frameworks/Foundation.framework; sourceTree = SDKROOT; };
		5273C6DB18DE96A200A8CFD4 /* CoreData.framework */ = {isa = PBXFileReference; lastKnownFileType = wrapper.framework; name = CoreData.framework; path = System/Library/Frameworks/CoreData.framework; sourceTree = SDKROOT; };
		5273C6DC18DE96A200A8CFD4 /* AppKit.framework */ = {isa = PBXFileReference; lastKnownFileType = wrapper.framework; name = AppKit.framework; path = System/Library/Frameworks/AppKit.framework; sourceTree = SDKROOT; };
		5273C6DF18DE96A200A8CFD4 /* MIDIKit-Info.plist */ = {isa = PBXFileReference; lastKnownFileType = text.plist.xml; path = "MIDIKit-Info.plist"; sourceTree = "<group>"; };
		5273C6EC18DE96A200A8CFD4 /* XCTest.framework */ = {isa = PBXFileReference; lastKnownFileType = wrapper.framework; name = XCTest.framework; path = Library/Frameworks/XCTest.framework; sourceTree = DEVELOPER_DIR; };
		5273C70218DE9A9800A8CFD4 /* MKObject.h */ = {isa = PBXFileReference; fileEncoding = 4; lastKnownFileType = sourcecode.c.h; path = MKObject.h; sourceTree = "<group>"; };
		5273C70318DE9A9800A8CFD4 /* MKObject.m */ = {isa = PBXFileReference; fileEncoding = 4; lastKnownFileType = sourcecode.c.objc; path = MKObject.m; sourceTree = "<group>"; };
		5273C70618DE9E2500A8CFD4 /* MKClient.h */ = {isa = PBXFileReference; fileEncoding = 4; lastKnownFileType = sourcecode.c.h; path = MKClient.h; sourceTree = "<group>"; };
		5273C70718DE9E2500A8CFD4 /* MKClient.m */ = {isa = PBXFileReference; fileEncoding = 4; lastKnownFileType = sourcecode.c.objc; path = MKClient.m; sourceTree = "<group>"; };
		5273C70F18DEA14E00A8CFD4 /* Foundation.framework */ = {isa = PBXFileReference; lastKnownFileType = wrapper.framework; name = Foundation.framework; path = System/Library/Frameworks/Foundation.framework; sourceTree = SDKROOT; };
		5273C73518DEAD5700A8CFD4 /* MKDevice.h */ = {isa = PBXFileReference; fileEncoding = 4; lastKnownFileType = sourcecode.c.h; path = MKDevice.h; sourceTree = "<group>"; };
		5273C73618DEAD5700A8CFD4 /* MKDevice.m */ = {isa = PBXFileReference; fileEncoding = 4; lastKnownFileType = sourcecode.c.objc; path = MKDevice.m; sourceTree = "<group>"; };
		5273C73918DEADB800A8CFD4 /* MKEntity.h */ = {isa = PBXFileReference; fileEncoding = 4; lastKnownFileType = sourcecode.c.h; path = MKEntity.h; sourceTree = "<group>"; };
		5273C73A18DEADB800A8CFD4 /* MKEntity.m */ = {isa = PBXFileReference; fileEncoding = 4; lastKnownFileType = sourcecode.c.objc; path = MKEntity.m; sourceTree = "<group>"; };
		527B2AB318FCC67D001D0CDD /* MKPrivate.h */ = {isa = PBXFileReference; lastKnownFileType = sourcecode.c.h; path = MKPrivate.h; sourceTree = "<group>"; };
		527B2AB418FCC6AB001D0CDD /* MKPrivate.m */ = {isa = PBXFileReference; fileEncoding = 4; lastKnownFileType = sourcecode.c.objc; path = MKPrivate.m; sourceTree = "<group>"; };
		528C943B18FC774100A7B960 /* MKDestination.h */ = {isa = PBXFileReference; fileEncoding = 4; lastKnownFileType = sourcecode.c.h; path = MKDestination.h; sourceTree = "<group>"; };
		528C943C18FC774100A7B960 /* MKDestination.m */ = {isa = PBXFileReference; fileEncoding = 4; lastKnownFileType = sourcecode.c.objc; path = MKDestination.m; sourceTree = "<group>"; };
		528C943F18FC7FC000A7B960 /* MKSource.h */ = {isa = PBXFileReference; fileEncoding = 4; lastKnownFileType = sourcecode.c.h; path = MKSource.h; sourceTree = "<group>"; };
		528C944018FC7FC000A7B960 /* MKSource.m */ = {isa = PBXFileReference; fileEncoding = 4; lastKnownFileType = sourcecode.c.objc; path = MKSource.m; sourceTree = "<group>"; };
		528C944A18FC8FD900A7B960 /* LPMessage.h */ = {isa = PBXFileReference; fileEncoding = 4; lastKnownFileType = sourcecode.c.h; name = LPMessage.h; path = Examples/midirepl/LPMessage.h; sourceTree = SOURCE_ROOT; };
		528C944B18FC8FD900A7B960 /* LPMessage.m */ = {isa = PBXFileReference; fileEncoding = 4; lastKnownFileType = sourcecode.c.objc; name = LPMessage.m; path = Examples/midirepl/LPMessage.m; sourceTree = SOURCE_ROOT; };
		528C944C18FC8FD900A7B960 /* main.m */ = {isa = PBXFileReference; fileEncoding = 4; lastKnownFileType = sourcecode.c.objc; name = main.m; path = Examples/midirepl/main.m; sourceTree = SOURCE_ROOT; };
		528C945018FC8FE500A7B960 /* LPConnection.js */ = {isa = PBXFileReference; fileEncoding = 4; lastKnownFileType = sourcecode.javascript; path = LPConnection.js; sourceTree = "<group>"; };
		528C945118FC8FE500A7B960 /* launchpad.js */ = {isa = PBXFileReference; fileEncoding = 4; lastKnownFileType = sourcecode.javascript; path = launchpad.js; sourceTree = "<group>"; };
		528C945218FC8FE500A7B960 /* unitTest.js */ = {isa = PBXFileReference; fileEncoding = 4; lastKnownFileType = sourcecode.javascript; path = unitTest.js; sourceTree = "<group>"; };
		528C945618FC90B400A7B960 /* MKJavaScriptContext.h */ = {isa = PBXFileReference; fileEncoding = 4; lastKnownFileType = sourcecode.c.h; name = MKJavaScriptContext.h; path = Examples/midirepl/MKJavaScriptContext.h; sourceTree = SOURCE_ROOT; };
		528C945718FC90B400A7B960 /* MKJavaScriptModule.h */ = {isa = PBXFileReference; fileEncoding = 4; lastKnownFileType = sourcecode.c.h; name = MKJavaScriptModule.h; path = Examples/midirepl/MKJavaScriptModule.h; sourceTree = SOURCE_ROOT; };
		528C945818FC90B400A7B960 /* MKJavaScriptContext.m */ = {isa = PBXFileReference; fileEncoding = 4; lastKnownFileType = sourcecode.c.objc; name = MKJavaScriptContext.m; path = Examples/midirepl/MKJavaScriptContext.m; sourceTree = SOURCE_ROOT; };
		528C945A18FC919800A7B960 /* MIDIKit.m */ = {isa = PBXFileReference; fileEncoding = 4; lastKnownFileType = sourcecode.c.objc; path = MIDIKit.m; sourceTree = "<group>"; };
		52A1E05418FB876900D7073F /* libMIDIKitOSX.a */ = {isa = PBXFileReference; explicitFileType = archive.ar; includeInIndex = 0; path = libMIDIKitOSX.a; sourceTree = BUILT_PRODUCTS_DIR; };
		52A1E07618FB883000D7073F /* MIDIKit.h */ = {isa = PBXFileReference; lastKnownFileType = sourcecode.c.h; path = MIDIKit.h; sourceTree = "<group>"; };
		52A786BE18FCE5E60064E313 /* MKObjectProperties.h */ = {isa = PBXFileReference; lastKnownFileType = sourcecode.c.h; path = MKObjectProperties.h; sourceTree = "<group>"; };
		52B22EEA18F7A0EF00A5A5D3 /* MKInputPort.h */ = {isa = PBXFileReference; fileEncoding = 4; lastKnownFileType = sourcecode.c.h; path = MKInputPort.h; sourceTree = "<group>"; };
		52B22EEB18F7A0EF00A5A5D3 /* MKInputPort.m */ = {isa = PBXFileReference; fileEncoding = 4; lastKnownFileType = sourcecode.c.objc; path = MKInputPort.m; sourceTree = "<group>"; };
		52B22EEE18F7A6C600A5A5D3 /* MKOutputPort.h */ = {isa = PBXFileReference; fileEncoding = 4; lastKnownFileType = sourcecode.c.h; path = MKOutputPort.h; sourceTree = "<group>"; };
		52B22EEF18F7A6C600A5A5D3 /* MKOutputPort.m */ = {isa = PBXFileReference; fileEncoding = 4; lastKnownFileType = sourcecode.c.objc; path = MKOutputPort.m; sourceTree = "<group>"; };
		52B22EF218F7B65D00A5A5D3 /* MKVirtualSource.h */ = {isa = PBXFileReference; fileEncoding = 4; lastKnownFileType = sourcecode.c.h; path = MKVirtualSource.h; sourceTree = "<group>"; };
		52B22EF318F7B65D00A5A5D3 /* MKVirtualSource.m */ = {isa = PBXFileReference; fileEncoding = 4; lastKnownFileType = sourcecode.c.objc; path = MKVirtualSource.m; sourceTree = "<group>"; };
		52B22EF618F7B80900A5A5D3 /* MKVirtualDestination.h */ = {isa = PBXFileReference; fileEncoding = 4; lastKnownFileType = sourcecode.c.h; path = MKVirtualDestination.h; sourceTree = "<group>"; };
		52B22EF718F7B80900A5A5D3 /* MKVirtualDestination.m */ = {isa = PBXFileReference; fileEncoding = 4; lastKnownFileType = sourcecode.c.objc; path = MKVirtualDestination.m; sourceTree = "<group>"; };
		52B22EFA18F7BAF400A5A5D3 /* JavaScriptCore.framework */ = {isa = PBXFileReference; lastKnownFileType = wrapper.framework; name = JavaScriptCore.framework; path = System/Library/Frameworks/JavaScriptCore.framework; sourceTree = SDKROOT; };
		52B22EFC18F7C86900A5A5D3 /* MKConnection.h */ = {isa = PBXFileReference; fileEncoding = 4; lastKnownFileType = sourcecode.c.h; path = MKConnection.h; sourceTree = "<group>"; };
		52B22EFD18F7C86900A5A5D3 /* MKConnection.m */ = {isa = PBXFileReference; fileEncoding = 4; lastKnownFileType = sourcecode.c.objc; path = MKConnection.m; sourceTree = "<group>"; };
		52B22F0318F803E900A5A5D3 /* MKMessage.h */ = {isa = PBXFileReference; fileEncoding = 4; lastKnownFileType = sourcecode.c.h; path = MKMessage.h; sourceTree = "<group>"; };
		52B22F0418F803E900A5A5D3 /* MKMessage.m */ = {isa = PBXFileReference; fileEncoding = 4; lastKnownFileType = sourcecode.c.objc; path = MKMessage.m; sourceTree = "<group>"; };
		52DDEDEE18FB55400019BE98 /* midirepl */ = {isa = PBXFileReference; explicitFileType = "compiled.mach-o.executable"; includeInIndex = 0; path = midirepl; sourceTree = BUILT_PRODUCTS_DIR; };
		52DDEE0118FB60010019BE98 /* libreadline.dylib */ = {isa = PBXFileReference; lastKnownFileType = "compiled.mach-o.dylib"; name = libreadline.dylib; path = usr/lib/libreadline.dylib; sourceTree = SDKROOT; };
/* End PBXFileReference section */

/* Begin PBXFrameworksBuildPhase section */
		524005E118FB06CD0030B46D /* Frameworks */ = {
			isa = PBXFrameworksBuildPhase;
			buildActionMask = 2147483647;
			files = (
				524005E518FB06CD0030B46D /* Foundation.framework in Frameworks */,
			);
			runOnlyForDeploymentPostprocessing = 0;
		};
		5273C6D018DE96A200A8CFD4 /* Frameworks */ = {
			isa = PBXFrameworksBuildPhase;
			buildActionMask = 2147483647;
			files = (
				52B22EFB18F7BAF400A5A5D3 /* JavaScriptCore.framework in Frameworks */,
				5273C6D818DE96A200A8CFD4 /* Cocoa.framework in Frameworks */,
			);
			runOnlyForDeploymentPostprocessing = 0;
		};
		52A1E05118FB876900D7073F /* Frameworks */ = {
			isa = PBXFrameworksBuildPhase;
			buildActionMask = 2147483647;
			files = (
				52A1E05518FB876900D7073F /* Cocoa.framework in Frameworks */,
			);
			runOnlyForDeploymentPostprocessing = 0;
		};
		52DDEDEB18FB55400019BE98 /* Frameworks */ = {
			isa = PBXFrameworksBuildPhase;
			buildActionMask = 2147483647;
			files = (
				52DDEE0218FB60010019BE98 /* libreadline.dylib in Frameworks */,
				52DDEDEF18FB55400019BE98 /* Foundation.framework in Frameworks */,
				52A1E07718FB88E200D7073F /* libMIDIKitOSX.a in Frameworks */,
			);
			runOnlyForDeploymentPostprocessing = 0;
		};
/* End PBXFrameworksBuildPhase section */

/* Begin PBXGroup section */
		521C1BC118FD16A500A002FC /* Example JavaScript */ = {
			isa = PBXGroup;
			children = (
				521C1BC218FD16A500A002FC /* flash.js */,
			);
			path = "Example JavaScript";
			sourceTree = "<group>";
		};
		524005D718FB03F10030B46D /* Client */ = {
			isa = PBXGroup;
			children = (
				5273C70618DE9E2500A8CFD4 /* MKClient.h */,
				5273C70718DE9E2500A8CFD4 /* MKClient.m */,
				524005DA18FB04300030B46D /* Ports */,
				524005DB18FB04370030B46D /* Device */,
				524005DC18FB043D0030B46D /* Entity */,
			);
			name = Client;
			sourceTree = "<group>";
		};
		524005D918FB041F0030B46D /* Wrappers */ = {
			isa = PBXGroup;
			children = (
				5240064B18FB15050030B46D /* MKThruConnection.h */,
				5240064C18FB15050030B46D /* MKThruConnection.m */,
				5273C70218DE9A9800A8CFD4 /* MKObject.h */,
				5273C70318DE9A9800A8CFD4 /* MKObject.m */,
				524005D718FB03F10030B46D /* Client */,
			);
			name = Wrappers;
			sourceTree = "<group>";
		};
		524005DA18FB04300030B46D /* Ports */ = {
			isa = PBXGroup;
			children = (
				52B22EEA18F7A0EF00A5A5D3 /* MKInputPort.h */,
				52B22EEB18F7A0EF00A5A5D3 /* MKInputPort.m */,
				52B22EEE18F7A6C600A5A5D3 /* MKOutputPort.h */,
				52B22EEF18F7A6C600A5A5D3 /* MKOutputPort.m */,
			);
			name = Ports;
			sourceTree = "<group>";
		};
		524005DB18FB04370030B46D /* Device */ = {
			isa = PBXGroup;
			children = (
				5273C73518DEAD5700A8CFD4 /* MKDevice.h */,
				5273C73618DEAD5700A8CFD4 /* MKDevice.m */,
			);
			name = Device;
			sourceTree = "<group>";
		};
		524005DC18FB043D0030B46D /* Entity */ = {
			isa = PBXGroup;
			children = (
				5273C73918DEADB800A8CFD4 /* MKEntity.h */,
				5273C73A18DEADB800A8CFD4 /* MKEntity.m */,
				524005DD18FB044E0030B46D /* Endpoints */,
			);
			name = Entity;
			sourceTree = "<group>";
		};
		524005DD18FB044E0030B46D /* Endpoints */ = {
			isa = PBXGroup;
			children = (
				528C944818FC848700A7B960 /* Sources */,
				528C944918FC848F00A7B960 /* Destinations */,
			);
			name = Endpoints;
			sourceTree = "<group>";
		};
		524005DE18FB045D0030B46D /* Useful Abstractions */ = {
			isa = PBXGroup;
			children = (
				52B22EFC18F7C86900A5A5D3 /* MKConnection.h */,
				52B22EFD18F7C86900A5A5D3 /* MKConnection.m */,
				52B22F0318F803E900A5A5D3 /* MKMessage.h */,
				52B22F0418F803E900A5A5D3 /* MKMessage.m */,
			);
			name = "Useful Abstractions";
			sourceTree = "<group>";
		};
		524005DF18FB068D0030B46D /* MIDIKit Framework (OS X) */ = {
			isa = PBXGroup;
			children = (
				5273C6DE18DE96A200A8CFD4 /* Supporting Files */,
			);
			name = "MIDIKit Framework (OS X)";
			sourceTree = "<group>";
		};
		5273C6CA18DE96A200A8CFD4 = {
			isa = PBXGroup;
			children = (
				521C1BC418FD412900A002FC /* README.md */,
				521C1BC118FD16A500A002FC /* Example JavaScript */,
				5273C6DD18DE96A200A8CFD4 /* MIDIKit Source (Shared) */,
				524005DF18FB068D0030B46D /* MIDIKit Framework (OS X) */,
				52DDEDF018FB55400019BE98 /* CLI Tool (mkcli) */,
				5273C6D618DE96A200A8CFD4 /* Frameworks */,
				5273C6D518DE96A200A8CFD4 /* Products */,
			);
			sourceTree = "<group>";
		};
		5273C6D518DE96A200A8CFD4 /* Products */ = {
			isa = PBXGroup;
			children = (
				5273C6D418DE96A200A8CFD4 /* MIDIKit.framework */,
				524005E418FB06CD0030B46D /* libMIDIKitiOS.a */,
				52DDEDEE18FB55400019BE98 /* midirepl */,
				52A1E05418FB876900D7073F /* libMIDIKitOSX.a */,
			);
			name = Products;
			sourceTree = "<group>";
		};
		5273C6D618DE96A200A8CFD4 /* Frameworks */ = {
			isa = PBXGroup;
			children = (
				52DDEE0118FB60010019BE98 /* libreadline.dylib */,
				522EA3FD18FA6B0400444217 /* CoreFoundation.framework */,
				522EA3FA18FA690500444217 /* CoreMIDI.framework */,
				52B22EFA18F7BAF400A5A5D3 /* JavaScriptCore.framework */,
				5273C6D718DE96A200A8CFD4 /* Cocoa.framework */,
				5273C6EC18DE96A200A8CFD4 /* XCTest.framework */,
				5273C70F18DEA14E00A8CFD4 /* Foundation.framework */,
				524005F418FB06CD0030B46D /* UIKit.framework */,
				5240060E18FB08220030B46D /* CoreGraphics.framework */,
				5273C6D918DE96A200A8CFD4 /* Other Frameworks */,
			);
			name = Frameworks;
			sourceTree = "<group>";
		};
		5273C6D918DE96A200A8CFD4 /* Other Frameworks */ = {
			isa = PBXGroup;
			children = (
				5273C6DA18DE96A200A8CFD4 /* Foundation.framework */,
				5273C6DB18DE96A200A8CFD4 /* CoreData.framework */,
				5273C6DC18DE96A200A8CFD4 /* AppKit.framework */,
			);
			name = "Other Frameworks";
			sourceTree = "<group>";
		};
		5273C6DD18DE96A200A8CFD4 /* MIDIKit Source (Shared) */ = {
			isa = PBXGroup;
			children = (
				52A1E07618FB883000D7073F /* MIDIKit.h */,
				528C945A18FC919800A7B960 /* MIDIKit.m */,
				52EAA53918FCE05600094EEF /* MIDI Property Availability */,
				524005DE18FB045D0030B46D /* Useful Abstractions */,
				524005D918FB041F0030B46D /* Wrappers */,
				527B2AAE18FCC126001D0CDD /* Private */,
			);
			name = "MIDIKit Source (Shared)";
			path = MIDIKit;
			sourceTree = "<group>";
		};
		5273C6DE18DE96A200A8CFD4 /* Supporting Files */ = {
			isa = PBXGroup;
			children = (
				5273C6DF18DE96A200A8CFD4 /* MIDIKit-Info.plist */,
			);
			name = "Supporting Files";
			path = MIDIKit;
			sourceTree = "<group>";
		};
		527B2AAE18FCC126001D0CDD /* Private */ = {
			isa = PBXGroup;
			children = (
				527B2AB318FCC67D001D0CDD /* MKPrivate.h */,
				527B2AB418FCC6AB001D0CDD /* MKPrivate.m */,
			);
			name = Private;
			sourceTree = "<group>";
		};
		528C944818FC848700A7B960 /* Sources */ = {
			isa = PBXGroup;
			children = (
				528C943F18FC7FC000A7B960 /* MKSource.h */,
				528C944018FC7FC000A7B960 /* MKSource.m */,
				52B22EF218F7B65D00A5A5D3 /* MKVirtualSource.h */,
				52B22EF318F7B65D00A5A5D3 /* MKVirtualSource.m */,
			);
			name = Sources;
			sourceTree = "<group>";
		};
		528C944918FC848F00A7B960 /* Destinations */ = {
			isa = PBXGroup;
			children = (
				528C943B18FC774100A7B960 /* MKDestination.h */,
				528C943C18FC774100A7B960 /* MKDestination.m */,
				52B22EF618F7B80900A5A5D3 /* MKVirtualDestination.h */,
				52B22EF718F7B80900A5A5D3 /* MKVirtualDestination.m */,
			);
			name = Destinations;
			sourceTree = "<group>";
		};
		528C944F18FC8FE500A7B960 /* scripts */ = {
			isa = PBXGroup;
			children = (
				528C945018FC8FE500A7B960 /* LPConnection.js */,
				528C945118FC8FE500A7B960 /* launchpad.js */,
				528C945218FC8FE500A7B960 /* unitTest.js */,
			);
			name = scripts;
			path = Examples/midirepl/scripts;
			sourceTree = SOURCE_ROOT;
		};
		52DDEDF018FB55400019BE98 /* CLI Tool (mkcli) */ = {
			isa = PBXGroup;
			children = (
				528C945618FC90B400A7B960 /* MKJavaScriptContext.h */,
				528C945718FC90B400A7B960 /* MKJavaScriptModule.h */,
				528C945818FC90B400A7B960 /* MKJavaScriptContext.m */,
				528C944A18FC8FD900A7B960 /* LPMessage.h */,
				528C944B18FC8FD900A7B960 /* LPMessage.m */,
				528C944C18FC8FD900A7B960 /* main.m */,
				528C944F18FC8FE500A7B960 /* scripts */,
			);
			name = "CLI Tool (mkcli)";
			path = mkcli;
			sourceTree = "<group>";
		};
		52EAA53918FCE05600094EEF /* MIDI Property Availability */ = {
			isa = PBXGroup;
			children = (
				52A786BE18FCE5E60064E313 /* MKObjectProperties.h */,
			);
			name = "MIDI Property Availability";
			sourceTree = "<group>";
		};
/* End PBXGroup section */

/* Begin PBXHeadersBuildPhase section */
		5273C6D118DE96A200A8CFD4 /* Headers */ = {
			isa = PBXHeadersBuildPhase;
			buildActionMask = 2147483647;
			files = (
				52B22EFE18F7C86900A5A5D3 /* MKConnection.h in Headers */,
				5273C73718DEAD5700A8CFD4 /* MKDevice.h in Headers */,
				52B22EF818F7B80900A5A5D3 /* MKVirtualDestination.h in Headers */,
				52B22EF018F7A6C600A5A5D3 /* MKOutputPort.h in Headers */,
				52B22EF418F7B65D00A5A5D3 /* MKVirtualSource.h in Headers */,
				528C943D18FC774100A7B960 /* MKDestination.h in Headers */,
				5240064D18FB15050030B46D /* MKThruConnection.h in Headers */,
				528C944118FC7FC000A7B960 /* MKSource.h in Headers */,
				52B22F0518F803E900A5A5D3 /* MKMessage.h in Headers */,
				52B22EEC18F7A0EF00A5A5D3 /* MKInputPort.h in Headers */,
				5273C73B18DEADB800A8CFD4 /* MKEntity.h in Headers */,
				5273C70418DE9A9800A8CFD4 /* MKObject.h in Headers */,
				5273C70818DE9E2500A8CFD4 /* MKClient.h in Headers */,
			);
			runOnlyForDeploymentPostprocessing = 0;
		};
		52A1E05218FB876900D7073F /* Headers */ = {
			isa = PBXHeadersBuildPhase;
			buildActionMask = 2147483647;
			files = (
				528C944218FC7FC000A7B960 /* MKSource.h in Headers */,
			);
			runOnlyForDeploymentPostprocessing = 0;
		};
/* End PBXHeadersBuildPhase section */

/* Begin PBXNativeTarget section */
		524005E318FB06CD0030B46D /* MIDIKit Static Lib (iOS) */ = {
			isa = PBXNativeTarget;
			buildConfigurationList = 5240060118FB06CD0030B46D /* Build configuration list for PBXNativeTarget "MIDIKit Static Lib (iOS)" */;
			buildPhases = (
				524005E018FB06CD0030B46D /* Sources */,
				524005E118FB06CD0030B46D /* Frameworks */,
				524005E218FB06CD0030B46D /* CopyFiles */,
			);
			buildRules = (
			);
			dependencies = (
			);
			name = "MIDIKit Static Lib (iOS)";
			productName = MIDIKit;
			productReference = 524005E418FB06CD0030B46D /* libMIDIKitiOS.a */;
			productType = "com.apple.product-type.library.static";
		};
		5273C6D318DE96A200A8CFD4 /* MIDIKit Framework (OS X) */ = {
			isa = PBXNativeTarget;
			buildConfigurationList = 5273C6FC18DE96A200A8CFD4 /* Build configuration list for PBXNativeTarget "MIDIKit Framework (OS X)" */;
			buildPhases = (
				5273C6CF18DE96A200A8CFD4 /* Sources */,
				5273C6D018DE96A200A8CFD4 /* Frameworks */,
				5273C6D118DE96A200A8CFD4 /* Headers */,
				5273C6D218DE96A200A8CFD4 /* Resources */,
			);
			buildRules = (
			);
			dependencies = (
			);
			name = "MIDIKit Framework (OS X)";
			productName = MIDIKit;
			productReference = 5273C6D418DE96A200A8CFD4 /* MIDIKit.framework */;
			productType = "com.apple.product-type.framework";
		};
		52A1E05318FB876900D7073F /* MIDIKit Static Lib (OS X) */ = {
			isa = PBXNativeTarget;
			buildConfigurationList = 52A1E06E18FB876900D7073F /* Build configuration list for PBXNativeTarget "MIDIKit Static Lib (OS X)" */;
			buildPhases = (
				52A1E05018FB876900D7073F /* Sources */,
				52A1E05118FB876900D7073F /* Frameworks */,
				52A1E05218FB876900D7073F /* Headers */,
			);
			buildRules = (
			);
			dependencies = (
			);
			name = "MIDIKit Static Lib (OS X)";
			productName = MIDIKit;
			productReference = 52A1E05418FB876900D7073F /* libMIDIKitOSX.a */;
			productType = "com.apple.product-type.library.static";
		};
		52DDEDED18FB55400019BE98 /* CLI Tool (midirepl) */ = {
			isa = PBXNativeTarget;
			buildConfigurationList = 52DDEDF718FB55400019BE98 /* Build configuration list for PBXNativeTarget "CLI Tool (midirepl)" */;
			buildPhases = (
				52DDEDEA18FB55400019BE98 /* Sources */,
				52DDEDEB18FB55400019BE98 /* Frameworks */,
				52DDEDEC18FB55400019BE98 /* CopyFiles */,
			);
			buildRules = (
			);
			dependencies = (
				52A1E07518FB87C400D7073F /* PBXTargetDependency */,
			);
			name = "CLI Tool (midirepl)";
			productName = mkcli;
			productReference = 52DDEDEE18FB55400019BE98 /* midirepl */;
			productType = "com.apple.product-type.tool";
		};
/* End PBXNativeTarget section */

/* Begin PBXProject section */
		5273C6CB18DE96A200A8CFD4 /* Project object */ = {
			isa = PBXProject;
			attributes = {
				LastUpgradeCheck = 0510;
				ORGANIZATIONNAME = "John Heaton";
			};
			buildConfigurationList = 5273C6CE18DE96A200A8CFD4 /* Build configuration list for PBXProject "MIDIKit" */;
			compatibilityVersion = "Xcode 3.2";
			developmentRegion = English;
			hasScannedForEncodings = 0;
			knownRegions = (
				en,
			);
			mainGroup = 5273C6CA18DE96A200A8CFD4;
			productRefGroup = 5273C6D518DE96A200A8CFD4 /* Products */;
			projectDirPath = "";
			projectRoot = "";
			targets = (
				5273C6D318DE96A200A8CFD4 /* MIDIKit Framework (OS X) */,
				52A1E05318FB876900D7073F /* MIDIKit Static Lib (OS X) */,
				524005E318FB06CD0030B46D /* MIDIKit Static Lib (iOS) */,
				52DDEDED18FB55400019BE98 /* CLI Tool (midirepl) */,
			);
		};
/* End PBXProject section */

/* Begin PBXResourcesBuildPhase section */
		5273C6D218DE96A200A8CFD4 /* Resources */ = {
			isa = PBXResourcesBuildPhase;
			buildActionMask = 2147483647;
			files = (
				521C1BC518FD412900A002FC /* README.md in Resources */,
			);
			runOnlyForDeploymentPostprocessing = 0;
		};
/* End PBXResourcesBuildPhase section */

/* Begin PBXSourcesBuildPhase section */
		524005E018FB06CD0030B46D /* Sources */ = {
			isa = PBXSourcesBuildPhase;
			buildActionMask = 2147483647;
			files = (
				5240064118FB0A600030B46D /* MKObject.m in Sources */,
				5240064218FB0A620030B46D /* MKClient.m in Sources */,
				5240063E18FB0A5B0030B46D /* MKConnection.m in Sources */,
				5240064318FB0A640030B46D /* MKInputPort.m in Sources */,
				528C945D18FC919800A7B960 /* MIDIKit.m in Sources */,
				5240064518FB0A660030B46D /* MKDevice.m in Sources */,
				5240064418FB0A650030B46D /* MKOutputPort.m in Sources */,
				5240064618FB0A670030B46D /* MKEntity.m in Sources */,
				5240064918FB0A6A0030B46D /* MKVirtualDestination.m in Sources */,
				5240064F18FB15050030B46D /* MKThruConnection.m in Sources */,
				528C944518FC7FC000A7B960 /* MKSource.m in Sources */,
				5240063F18FB0A5C0030B46D /* MKMessage.m in Sources */,
				528C944718FC7FD100A7B960 /* MKDestination.m in Sources */,
				527B2AB718FCC6AB001D0CDD /* MKPrivate.m in Sources */,
				5240064818FB0A690030B46D /* MKVirtualSource.m in Sources */,
			);
			runOnlyForDeploymentPostprocessing = 0;
		};
		5273C6CF18DE96A200A8CFD4 /* Sources */ = {
			isa = PBXSourcesBuildPhase;
			buildActionMask = 2147483647;
			files = (
				5273C70918DE9E2500A8CFD4 /* MKClient.m in Sources */,
				521C1BC318FD16A500A002FC /* flash.js in Sources */,
				5273C73818DEAD5700A8CFD4 /* MKDevice.m in Sources */,
				52B22F0618F803E900A5A5D3 /* MKMessage.m in Sources */,
				528C945B18FC919800A7B960 /* MIDIKit.m in Sources */,
				5273C73C18DEADB800A8CFD4 /* MKEntity.m in Sources */,
				52B22EED18F7A0EF00A5A5D3 /* MKInputPort.m in Sources */,
				5273C70518DE9A9800A8CFD4 /* MKObject.m in Sources */,
				52B22EF918F7B80900A5A5D3 /* MKVirtualDestination.m in Sources */,
				52B22EF518F7B65D00A5A5D3 /* MKVirtualSource.m in Sources */,
				5240064E18FB15050030B46D /* MKThruConnection.m in Sources */,
				528C944318FC7FC000A7B960 /* MKSource.m in Sources */,
				52B22EFF18F7C86900A5A5D3 /* MKConnection.m in Sources */,
				528C943E18FC774100A7B960 /* MKDestination.m in Sources */,
				527B2AB518FCC6AB001D0CDD /* MKPrivate.m in Sources */,
				52B22EF118F7A6C600A5A5D3 /* MKOutputPort.m in Sources */,
			);
			runOnlyForDeploymentPostprocessing = 0;
		};
		52A1E05018FB876900D7073F /* Sources */ = {
			isa = PBXSourcesBuildPhase;
			buildActionMask = 2147483647;
			files = (
				52A1E07B18FB890200D7073F /* MKClient.m in Sources */,
				52A1E07918FB88FE00D7073F /* MKThruConnection.m in Sources */,
				52A1E08418FB891500D7073F /* MKMessage.m in Sources */,
				52A1E08318FB891300D7073F /* MKConnection.m in Sources */,
				528C945C18FC919800A7B960 /* MIDIKit.m in Sources */,
				52A1E07D18FB890600D7073F /* MKOutputPort.m in Sources */,
				52A1E07C18FB890500D7073F /* MKInputPort.m in Sources */,
				52A1E07F18FB890A00D7073F /* MKEntity.m in Sources */,
				52A1E08118FB890E00D7073F /* MKVirtualSource.m in Sources */,
				528C944618FC7FCE00A7B960 /* MKDestination.m in Sources */,
				528C944418FC7FC000A7B960 /* MKSource.m in Sources */,
				52A1E08218FB891000D7073F /* MKVirtualDestination.m in Sources */,
				52A1E07E18FB890800D7073F /* MKDevice.m in Sources */,
				527B2AB618FCC6AB001D0CDD /* MKPrivate.m in Sources */,
				52A1E07A18FB88FF00D7073F /* MKObject.m in Sources */,
			);
			runOnlyForDeploymentPostprocessing = 0;
		};
		52DDEDEA18FB55400019BE98 /* Sources */ = {
			isa = PBXSourcesBuildPhase;
			buildActionMask = 2147483647;
			files = (
				528C944D18FC8FD900A7B960 /* LPMessage.m in Sources */,
				528C944E18FC8FD900A7B960 /* main.m in Sources */,
				528C945918FC90B400A7B960 /* MKJavaScriptContext.m in Sources */,
			);
			runOnlyForDeploymentPostprocessing = 0;
		};
/* End PBXSourcesBuildPhase section */

/* Begin PBXTargetDependency section */
		52A1E07518FB87C400D7073F /* PBXTargetDependency */ = {
			isa = PBXTargetDependency;
			target = 52A1E05318FB876900D7073F /* MIDIKit Static Lib (OS X) */;
			targetProxy = 52A1E07418FB87C400D7073F /* PBXContainerItemProxy */;
		};
/* End PBXTargetDependency section */

/* Begin XCBuildConfiguration section */
		5240060218FB06CD0030B46D /* Debug */ = {
			isa = XCBuildConfiguration;
			buildSettings = {
				DSTROOT = /tmp/MIDIKit.dst;
				GCC_PRECOMPILE_PREFIX_HEADER = YES;
				GCC_PREFIX_HEADER = "";
				GCC_PREPROCESSOR_DEFINITIONS = "DEBUG=1";
				INSTALL_PATH = "";
				IPHONEOS_DEPLOYMENT_TARGET = 7.1;
				OTHER_LDFLAGS = "-ObjC";
				PRODUCT_NAME = MIDIKitiOS;
				SDKROOT = iphoneos;
				SKIP_INSTALL = YES;
			};
			name = Debug;
		};
		5240060318FB06CD0030B46D /* Release */ = {
			isa = XCBuildConfiguration;
			buildSettings = {
				DSTROOT = /tmp/MIDIKit.dst;
				GCC_PRECOMPILE_PREFIX_HEADER = YES;
				GCC_PREFIX_HEADER = "";
				INSTALL_PATH = "";
				IPHONEOS_DEPLOYMENT_TARGET = 7.1;
				OTHER_LDFLAGS = "-ObjC";
				PRODUCT_NAME = MIDIKitiOS;
				SDKROOT = iphoneos;
				SKIP_INSTALL = YES;
				VALIDATE_PRODUCT = YES;
			};
			name = Release;
		};
		5273C6FA18DE96A200A8CFD4 /* Debug */ = {
			isa = XCBuildConfiguration;
			buildSettings = {
				ALWAYS_SEARCH_USER_PATHS = NO;
				CLANG_CXX_LANGUAGE_STANDARD = "gnu++0x";
				CLANG_CXX_LIBRARY = "libc++";
				CLANG_ENABLE_MODULES = YES;
				CLANG_ENABLE_OBJC_ARC = YES;
				CLANG_WARN_BOOL_CONVERSION = YES;
				CLANG_WARN_CONSTANT_CONVERSION = YES;
				CLANG_WARN_DIRECT_OBJC_ISA_USAGE = YES_ERROR;
				CLANG_WARN_EMPTY_BODY = YES;
				CLANG_WARN_ENUM_CONVERSION = YES;
				CLANG_WARN_INT_CONVERSION = YES;
				CLANG_WARN_OBJC_ROOT_CLASS = YES_ERROR;
				CLANG_WARN__DUPLICATE_METHOD_MATCH = YES;
				COPY_PHASE_STRIP = NO;
				GCC_C_LANGUAGE_STANDARD = gnu99;
				GCC_DYNAMIC_NO_PIC = NO;
				GCC_ENABLE_OBJC_EXCEPTIONS = YES;
				GCC_OPTIMIZATION_LEVEL = 0;
				GCC_PREPROCESSOR_DEFINITIONS = (
					"DEBUG=1",
					"$(inherited)",
				);
				GCC_SYMBOLS_PRIVATE_EXTERN = NO;
				GCC_WARN_64_TO_32_BIT_CONVERSION = YES;
				GCC_WARN_ABOUT_RETURN_TYPE = YES_ERROR;
				GCC_WARN_UNDECLARED_SELECTOR = YES;
				GCC_WARN_UNINITIALIZED_AUTOS = YES_AGGRESSIVE;
				GCC_WARN_UNUSED_FUNCTION = YES;
				GCC_WARN_UNUSED_VARIABLE = YES;
				MACOSX_DEPLOYMENT_TARGET = 10.9;
				ONLY_ACTIVE_ARCH = YES;
				SDKROOT = macosx;
			};
			name = Debug;
		};
		5273C6FB18DE96A200A8CFD4 /* Release */ = {
			isa = XCBuildConfiguration;
			buildSettings = {
				ALWAYS_SEARCH_USER_PATHS = NO;
				CLANG_CXX_LANGUAGE_STANDARD = "gnu++0x";
				CLANG_CXX_LIBRARY = "libc++";
				CLANG_ENABLE_MODULES = YES;
				CLANG_ENABLE_OBJC_ARC = YES;
				CLANG_WARN_BOOL_CONVERSION = YES;
				CLANG_WARN_CONSTANT_CONVERSION = YES;
				CLANG_WARN_DIRECT_OBJC_ISA_USAGE = YES_ERROR;
				CLANG_WARN_EMPTY_BODY = YES;
				CLANG_WARN_ENUM_CONVERSION = YES;
				CLANG_WARN_INT_CONVERSION = YES;
				CLANG_WARN_OBJC_ROOT_CLASS = YES_ERROR;
				CLANG_WARN__DUPLICATE_METHOD_MATCH = YES;
				COPY_PHASE_STRIP = YES;
				DEBUG_INFORMATION_FORMAT = "dwarf-with-dsym";
				ENABLE_NS_ASSERTIONS = NO;
				GCC_C_LANGUAGE_STANDARD = gnu99;
				GCC_ENABLE_OBJC_EXCEPTIONS = YES;
				GCC_WARN_64_TO_32_BIT_CONVERSION = YES;
				GCC_WARN_ABOUT_RETURN_TYPE = YES_ERROR;
				GCC_WARN_UNDECLARED_SELECTOR = YES;
				GCC_WARN_UNINITIALIZED_AUTOS = YES_AGGRESSIVE;
				GCC_WARN_UNUSED_FUNCTION = YES;
				GCC_WARN_UNUSED_VARIABLE = YES;
				MACOSX_DEPLOYMENT_TARGET = 10.9;
				SDKROOT = macosx;
			};
			name = Release;
		};
		5273C6FD18DE96A200A8CFD4 /* Debug */ = {
			isa = XCBuildConfiguration;
			buildSettings = {
				COMBINE_HIDPI_IMAGES = YES;
				DYLIB_COMPATIBILITY_VERSION = 1;
				DYLIB_CURRENT_VERSION = 1;
				FRAMEWORK_VERSION = A;
				GCC_PRECOMPILE_PREFIX_HEADER = YES;
				GCC_PREFIX_HEADER = "";
				HEADER_SEARCH_PATHS = (
					"$(inherited)",
					/Applications/Xcode.app/Contents/Developer/Toolchains/XcodeDefault.xctoolchain/usr/include,
					"$(SRCROOT)",
				);
				INFOPLIST_FILE = "MIDIKit/MIDIKit-Info.plist";
				LD_DYLIB_INSTALL_NAME = "@executable_path/$(EXECUTABLE_PATH)";
				PRODUCT_NAME = MIDIKit;
				WRAPPER_EXTENSION = framework;
			};
			name = Debug;
		};
		5273C6FE18DE96A200A8CFD4 /* Release */ = {
			isa = XCBuildConfiguration;
			buildSettings = {
				COMBINE_HIDPI_IMAGES = YES;
				DYLIB_COMPATIBILITY_VERSION = 1;
				DYLIB_CURRENT_VERSION = 1;
				FRAMEWORK_VERSION = A;
				GCC_PRECOMPILE_PREFIX_HEADER = YES;
				GCC_PREFIX_HEADER = "";
				HEADER_SEARCH_PATHS = (
					"$(inherited)",
					/Applications/Xcode.app/Contents/Developer/Toolchains/XcodeDefault.xctoolchain/usr/include,
					"$(SRCROOT)",
				);
				INFOPLIST_FILE = "MIDIKit/MIDIKit-Info.plist";
				LD_DYLIB_INSTALL_NAME = "@executable_path/$(EXECUTABLE_PATH)";
				PRODUCT_NAME = MIDIKit;
				WRAPPER_EXTENSION = framework;
			};
			name = Release;
		};
		52A1E06F18FB876900D7073F /* Debug */ = {
			isa = XCBuildConfiguration;
			buildSettings = {
				GCC_PRECOMPILE_PREFIX_HEADER = YES;
				GCC_PREFIX_HEADER = "";
				GCC_PREPROCESSOR_DEFINITIONS = (
					"DEBUG=1",
					"$(inherited)",
				);
				PRODUCT_NAME = MIDIKitOSX;
			};
			name = Debug;
		};
		52A1E07018FB876900D7073F /* Release */ = {
			isa = XCBuildConfiguration;
			buildSettings = {
				GCC_PRECOMPILE_PREFIX_HEADER = YES;
				GCC_PREFIX_HEADER = "";
				PRODUCT_NAME = MIDIKitOSX;
			};
			name = Release;
		};
		52DDEDF818FB55400019BE98 /* Debug */ = {
			isa = XCBuildConfiguration;
			buildSettings = {
				GCC_PRECOMPILE_PREFIX_HEADER = YES;
				GCC_PREFIX_HEADER = "";
				GCC_PREPROCESSOR_DEFINITIONS = (
					"DEBUG=1",
					"SRCROOT=\"\\\"$(SRCROOT)\\\"\"",
				);
				PRODUCT_NAME = midirepl;
			};
			name = Debug;
		};
		52DDEDF918FB55400019BE98 /* Release */ = {
			isa = XCBuildConfiguration;
			buildSettings = {
				GCC_PRECOMPILE_PREFIX_HEADER = YES;
				GCC_PREFIX_HEADER = "";
				PRODUCT_NAME = midirepl;
			};
			name = Release;
		};
/* End XCBuildConfiguration section */

/* Begin XCConfigurationList section */
		5240060118FB06CD0030B46D /* Build configuration list for PBXNativeTarget "MIDIKit Static Lib (iOS)" */ = {
			isa = XCConfigurationList;
			buildConfigurations = (
				5240060218FB06CD0030B46D /* Debug */,
				5240060318FB06CD0030B46D /* Release */,
			);
			defaultConfigurationIsVisible = 0;
			defaultConfigurationName = Release;
		};
		5273C6CE18DE96A200A8CFD4 /* Build configuration list for PBXProject "MIDIKit" */ = {
			isa = XCConfigurationList;
			buildConfigurations = (
				5273C6FA18DE96A200A8CFD4 /* Debug */,
				5273C6FB18DE96A200A8CFD4 /* Release */,
			);
			defaultConfigurationIsVisible = 0;
			defaultConfigurationName = Release;
		};
		5273C6FC18DE96A200A8CFD4 /* Build configuration list for PBXNativeTarget "MIDIKit Framework (OS X)" */ = {
			isa = XCConfigurationList;
			buildConfigurations = (
				5273C6FD18DE96A200A8CFD4 /* Debug */,
				5273C6FE18DE96A200A8CFD4 /* Release */,
			);
			defaultConfigurationIsVisible = 0;
			defaultConfigurationName = Release;
		};
		52A1E06E18FB876900D7073F /* Build configuration list for PBXNativeTarget "MIDIKit Static Lib (OS X)" */ = {
			isa = XCConfigurationList;
			buildConfigurations = (
				52A1E06F18FB876900D7073F /* Debug */,
				52A1E07018FB876900D7073F /* Release */,
			);
			defaultConfigurationIsVisible = 0;
			defaultConfigurationName = Release;
		};
		52DDEDF718FB55400019BE98 /* Build configuration list for PBXNativeTarget "CLI Tool (midirepl)" */ = {
			isa = XCConfigurationList;
			buildConfigurations = (
				52DDEDF818FB55400019BE98 /* Debug */,
				52DDEDF918FB55400019BE98 /* Release */,
			);
			defaultConfigurationIsVisible = 0;
			defaultConfigurationName = Release;
		};
/* End XCConfigurationList section */
	};
	rootObject = 5273C6CB18DE96A200A8CFD4 /* Project object */;
}
